Microsoft Visual Studio Solution File, Format Version 12.00
# Visual Studio Version 16
VisualStudioVersion = 16.0.28803.352
MinimumVisualStudioVersion = 10.0.40219.1
Project("{2150E333-8FDC-42A3-9474-1A3956D46DE8}") = ".project", ".project", "{A97B8D08-C96D-4E28-9102-2E7F6644A1BD}"
	ProjectSection(SolutionItems) = preProject
		common.props = common.props
		global.json = global.json
		..\..\Windows\System32\drivers\etc\hosts = ..\..\Windows\System32\drivers\etc\hosts
		NuGet.config = NuGet.config
		readme.txt = readme.txt
	EndProjectSection
EndProject
Project("{2150E333-8FDC-42A3-9474-1A3956D46DE8}") = "lib", "lib", "{F988683C-F7D7-455C-B40C-2D8EAF274263}"
EndProject
Project("{9A19103F-16F7-4668-BE54-9A1E7A4F7556}") = "ams.Payments", "lib\Payments\ams.Payments.csproj", "{83A6AC77-4104-4EF9-8C6C-6A1A70FCBE14}"
EndProject
Project("{9A19103F-16F7-4668-BE54-9A1E7A4F7556}") = "ams.Platforms", "lib\Platforms\ams.Platforms.csproj", "{6857AA9C-3A7D-42FD-89E9-83A845CA4284}"
EndProject
Project("{9A19103F-16F7-4668-BE54-9A1E7A4F7556}") = "ams.TagHelpers", "lib\TagHelpers\ams.TagHelpers.csproj", "{20B2904F-5F41-4B01-BFEA-E5F00BBF66E1}"
EndProject
Project("{9A19103F-16F7-4668-BE54-9A1E7A4F7556}") = "ams.Core", "lib\Core\ams.Core.csproj", "{1A5948FA-7FC2-4594-9474-6C5E6475E076}"
EndProject
Project("{9A19103F-16F7-4668-BE54-9A1E7A4F7556}") = "ams.Transactions", "lib\Transactions\ams.Transactions.csproj", "{A4D3590A-2E7D-47C4-9BC7-5766B6DD5FBD}"
EndProject
Project("{2150E333-8FDC-42A3-9474-1A3956D46DE8}") = "app", "app", "{D31F8A7E-2CA5-4F53-8914-BEE2EF0F6EC1}"
EndProject
Project("{9A19103F-16F7-4668-BE54-9A1E7A4F7556}") = "ams.Abstractions", "lib\Abstractions\ams.Abstractions.csproj", "{02A4827A-70EF-4513-8F75-C5A275B08CEC}"
EndProject
Project("{9A19103F-16F7-4668-BE54-9A1E7A4F7556}") = "ams.DataModels", "lib\DataModel\ams.DataModels.csproj", "{B08EB5E3-A606-444F-98DB-EF50F29B8281}"
EndProject
Project("{9A19103F-16F7-4668-BE54-9A1E7A4F7556}") = "Tools", "lib\Tools\Tools.csproj", "{EBD491E4-F9E9-478F-BA33-60E6C96891C4}"
EndProject
Project("{9A19103F-16F7-4668-BE54-9A1E7A4F7556}") = "ams.Misc", "lib\Misc\ams.Misc.csproj", "{C1D746E7-6382-4500-ACE0-E5F5C9207FDA}"
EndProject
Project("{2150E333-8FDC-42A3-9474-1A3956D46DE8}") = "old", "old", "{A209FC35-3218-4C18-886F-1817CFADDE30}"
EndProject
Project("{9A19103F-16F7-4668-BE54-9A1E7A4F7556}") = "ams.Client", "app\ams.Client\ams.Client.csproj", "{903EA862-AC07-47AE-9BB2-12666A54E0D5}"
EndProject
Project("{9A19103F-16F7-4668-BE54-9A1E7A4F7556}") = "ams.Server", "app\ams.Server\ams.Server.csproj", "{E0FFB424-709C-4999-8058-C5FF59450A43}"
EndProject
Project("{9A19103F-16F7-4668-BE54-9A1E7A4F7556}") = "ams_api_old", "app\ams_api_old\ams_api_old.csproj", "{D2920819-AB00-4E95-95C5-4017B29784E6}"
EndProject
Project("{9A19103F-16F7-4668-BE54-9A1E7A4F7556}") = "ams_old", "app\ams_old\ams_old.csproj", "{0AB3C0DA-E52F-4FE2-B559-D817FBEAB8E8}"
EndProject
Project("{FAE04EC0-301F-11D3-BF4B-00C04F79EFBC}") = "ams.api", "app\ams.api\ams.api.csproj", "{01E3FF07-A9DC-463B-BD02-0F577E65448F}"
EndProject
Global
	GlobalSection(SolutionConfigurationPlatforms) = preSolution
		Debug|Any CPU = Debug|Any CPU
		Release|Any CPU = Release|Any CPU
	EndGlobalSection
	GlobalSection(ProjectConfigurationPlatforms) = postSolution
		{83A6AC77-4104-4EF9-8C6C-6A1A70FCBE14}.Debug|Any CPU.ActiveCfg = Debug|Any CPU
		{83A6AC77-4104-4EF9-8C6C-6A1A70FCBE14}.Debug|Any CPU.Build.0 = Debug|Any CPU
		{83A6AC77-4104-4EF9-8C6C-6A1A70FCBE14}.Release|Any CPU.ActiveCfg = Release|Any CPU
		{83A6AC77-4104-4EF9-8C6C-6A1A70FCBE14}.Release|Any CPU.Build.0 = Release|Any CPU
		{6857AA9C-3A7D-42FD-89E9-83A845CA4284}.Debug|Any CPU.ActiveCfg = Debug|Any CPU
		{6857AA9C-3A7D-42FD-89E9-83A845CA4284}.Debug|Any CPU.Build.0 = Debug|Any CPU
		{6857AA9C-3A7D-42FD-89E9-83A845CA4284}.Release|Any CPU.ActiveCfg = Release|Any CPU
		{6857AA9C-3A7D-42FD-89E9-83A845CA4284}.Release|Any CPU.Build.0 = Release|Any CPU
		{20B2904F-5F41-4B01-BFEA-E5F00BBF66E1}.Debug|Any CPU.ActiveCfg = Debug|Any CPU
		{20B2904F-5F41-4B01-BFEA-E5F00BBF66E1}.Debug|Any CPU.Build.0 = Debug|Any CPU
		{20B2904F-5F41-4B01-BFEA-E5F00BBF66E1}.Release|Any CPU.ActiveCfg = Release|Any CPU
		{20B2904F-5F41-4B01-BFEA-E5F00BBF66E1}.Release|Any CPU.Build.0 = Release|Any CPU
		{1A5948FA-7FC2-4594-9474-6C5E6475E076}.Debug|Any CPU.ActiveCfg = Debug|Any CPU
		{1A5948FA-7FC2-4594-9474-6C5E6475E076}.Debug|Any CPU.Build.0 = Debug|Any CPU
		{1A5948FA-7FC2-4594-9474-6C5E6475E076}.Release|Any CPU.ActiveCfg = Release|Any CPU
		{1A5948FA-7FC2-4594-9474-6C5E6475E076}.Release|Any CPU.Build.0 = Release|Any CPU
		{A4D3590A-2E7D-47C4-9BC7-5766B6DD5FBD}.Debug|Any CPU.ActiveCfg = Debug|Any CPU
		{A4D3590A-2E7D-47C4-9BC7-5766B6DD5FBD}.Debug|Any CPU.Build.0 = Debug|Any CPU
		{A4D3590A-2E7D-47C4-9BC7-5766B6DD5FBD}.Release|Any CPU.ActiveCfg = Release|Any CPU
		{A4D3590A-2E7D-47C4-9BC7-5766B6DD5FBD}.Release|Any CPU.Build.0 = Release|Any CPU
		{02A4827A-70EF-4513-8F75-C5A275B08CEC}.Debug|Any CPU.ActiveCfg = Debug|Any CPU
		{02A4827A-70EF-4513-8F75-C5A275B08CEC}.Debug|Any CPU.Build.0 = Debug|Any CPU
		{02A4827A-70EF-4513-8F75-C5A275B08CEC}.Release|Any CPU.ActiveCfg = Release|Any CPU
		{02A4827A-70EF-4513-8F75-C5A275B08CEC}.Release|Any CPU.Build.0 = Release|Any CPU
		{B08EB5E3-A606-444F-98DB-EF50F29B8281}.Debug|Any CPU.ActiveCfg = Debug|Any CPU
		{B08EB5E3-A606-444F-98DB-EF50F29B8281}.Debug|Any CPU.Build.0 = Debug|Any CPU
		{B08EB5E3-A606-444F-98DB-EF50F29B8281}.Release|Any CPU.ActiveCfg = Release|Any CPU
		{B08EB5E3-A606-444F-98DB-EF50F29B8281}.Release|Any CPU.Build.0 = Release|Any CPU
		{EBD491E4-F9E9-478F-BA33-60E6C96891C4}.Debug|Any CPU.ActiveCfg = Debug|Any CPU
		{EBD491E4-F9E9-478F-BA33-60E6C96891C4}.Debug|Any CPU.Build.0 = Debug|Any CPU
		{EBD491E4-F9E9-478F-BA33-60E6C96891C4}.Release|Any CPU.ActiveCfg = Release|Any CPU
		{EBD491E4-F9E9-478F-BA33-60E6C96891C4}.Release|Any CPU.Build.0 = Release|Any CPU
		{C1D746E7-6382-4500-ACE0-E5F5C9207FDA}.Debug|Any CPU.ActiveCfg = Debug|Any CPU
		{C1D746E7-6382-4500-ACE0-E5F5C9207FDA}.Debug|Any CPU.Build.0 = Debug|Any CPU
		{C1D746E7-6382-4500-ACE0-E5F5C9207FDA}.Release|Any CPU.ActiveCfg = Release|Any CPU
		{C1D746E7-6382-4500-ACE0-E5F5C9207FDA}.Release|Any CPU.Build.0 = Release|Any CPU
		{903EA862-AC07-47AE-9BB2-12666A54E0D5}.Debug|Any CPU.ActiveCfg = Debug|Any CPU
		{903EA862-AC07-47AE-9BB2-12666A54E0D5}.Debug|Any CPU.Build.0 = Debug|Any CPU
		{903EA862-AC07-47AE-9BB2-12666A54E0D5}.Release|Any CPU.ActiveCfg = Release|Any CPU
		{903EA862-AC07-47AE-9BB2-12666A54E0D5}.Release|Any CPU.Build.0 = Release|Any CPU
		{E0FFB424-709C-4999-8058-C5FF59450A43}.Debug|Any CPU.ActiveCfg = Debug|Any CPU
		{E0FFB424-709C-4999-8058-C5FF59450A43}.Debug|Any CPU.Build.0 = Debug|Any CPU
		{E0FFB424-709C-4999-8058-C5FF59450A43}.Release|Any CPU.ActiveCfg = Release|Any CPU
		{E0FFB424-709C-4999-8058-C5FF59450A43}.Release|Any CPU.Build.0 = Release|Any CPU
		{D2920819-AB00-4E95-95C5-4017B29784E6}.Debug|Any CPU.ActiveCfg = Debug|Any CPU
		{D2920819-AB00-4E95-95C5-4017B29784E6}.Debug|Any CPU.Build.0 = Debug|Any CPU
		{D2920819-AB00-4E95-95C5-4017B29784E6}.Release|Any CPU.ActiveCfg = Release|Any CPU
		{D2920819-AB00-4E95-95C5-4017B29784E6}.Release|Any CPU.Build.0 = Release|Any CPU
		{0AB3C0DA-E52F-4FE2-B559-D817FBEAB8E8}.Debug|Any CPU.ActiveCfg = Debug|Any CPU
		{0AB3C0DA-E52F-4FE2-B559-D817FBEAB8E8}.Debug|Any CPU.Build.0 = Debug|Any CPU
		{0AB3C0DA-E52F-4FE2-B559-D817FBEAB8E8}.Release|Any CPU.ActiveCfg = Release|Any CPU
		{0AB3C0DA-E52F-4FE2-B559-D817FBEAB8E8}.Release|Any CPU.Build.0 = Release|Any CPU
		{01E3FF07-A9DC-463B-BD02-0F577E65448F}.Debug|Any CPU.ActiveCfg = Debug|Any CPU
		{01E3FF07-A9DC-463B-BD02-0F577E65448F}.Debug|Any CPU.Build.0 = Debug|Any CPU
		{01E3FF07-A9DC-463B-BD02-0F577E65448F}.Release|Any CPU.ActiveCfg = Release|Any CPU
		{01E3FF07-A9DC-463B-BD02-0F577E65448F}.Release|Any CPU.Build.0 = Release|Any CPU
	EndGlobalSection
	GlobalSection(SolutionProperties) = preSolution
		HideSolutionNode = FALSE
	EndGlobalSection
	GlobalSection(NestedProjects) = preSolution
		{83A6AC77-4104-4EF9-8C6C-6A1A70FCBE14} = {F988683C-F7D7-455C-B40C-2D8EAF274263}
		{6857AA9C-3A7D-42FD-89E9-83A845CA4284} = {F988683C-F7D7-455C-B40C-2D8EAF274263}
		{20B2904F-5F41-4B01-BFEA-E5F00BBF66E1} = {F988683C-F7D7-455C-B40C-2D8EAF274263}
		{1A5948FA-7FC2-4594-9474-6C5E6475E076} = {F988683C-F7D7-455C-B40C-2D8EAF274263}
		{A4D3590A-2E7D-47C4-9BC7-5766B6DD5FBD} = {F988683C-F7D7-455C-B40C-2D8EAF274263}
		{02A4827A-70EF-4513-8F75-C5A275B08CEC} = {F988683C-F7D7-455C-B40C-2D8EAF274263}
		{B08EB5E3-A606-444F-98DB-EF50F29B8281} = {F988683C-F7D7-455C-B40C-2D8EAF274263}
		{EBD491E4-F9E9-478F-BA33-60E6C96891C4} = {F988683C-F7D7-455C-B40C-2D8EAF274263}
		{C1D746E7-6382-4500-ACE0-E5F5C9207FDA} = {F988683C-F7D7-455C-B40C-2D8EAF274263}
		{A209FC35-3218-4C18-886F-1817CFADDE30} = {D31F8A7E-2CA5-4F53-8914-BEE2EF0F6EC1}
		{903EA862-AC07-47AE-9BB2-12666A54E0D5} = {D31F8A7E-2CA5-4F53-8914-BEE2EF0F6EC1}
		{E0FFB424-709C-4999-8058-C5FF59450A43} = {D31F8A7E-2CA5-4F53-8914-BEE2EF0F6EC1}
		{D2920819-AB00-4E95-95C5-4017B29784E6} = {A209FC35-3218-4C18-886F-1817CFADDE30}
		{0AB3C0DA-E52F-4FE2-B559-D817FBEAB8E8} = {A209FC35-3218-4C18-886F-1817CFADDE30}
		{01E3FF07-A9DC-463B-BD02-0F577E65448F} = {D31F8A7E-2CA5-4F53-8914-BEE2EF0F6EC1}
	EndGlobalSection
	GlobalSection(ExtensibilityGlobals) = postSolution
		SolutionGuid = {11B48416-3194-4CA4-83E5-3DB750E471C0}
	EndGlobalSection
EndGlobal
