
Microsoft Visual Studio Solution File, Format Version 12.00
# Visual Studio 14
VisualStudioVersion = 14.0.25420.1
MinimumVisualStudioVersion = 10.0.40219.1
Project("{2150E333-8FDC-42A3-9474-1A3956D46DE8}") = "lib", "lib", "{785E35C2-0866-4785-A608-6B4D9AE80EE6}"
EndProject
Project("{FAE04EC0-301F-11D3-BF4B-00C04F79EFBC}") = "corelib", "lib\corelib\corelib.csproj", "{8F5E46B1-FD54-40A8-88D9-37E722FEEEE6}"
EndProject
Project("{2150E333-8FDC-42A3-9474-1A3956D46DE8}") = "documents", "documents", "{658ACEE8-00AD-4D4F-91C3-8FAA8386BA19}"
	ProjectSection(SolutionItems) = preProject
		doc\ams.htm = doc\ams.htm
	EndProjectSection
EndProject
Project("{2150E333-8FDC-42A3-9474-1A3956D46DE8}") = "test", "test", "{0E854FEF-F5EB-40F6-A78B-07034F3A90AB}"
EndProject
Project("{2150E333-8FDC-42A3-9474-1A3956D46DE8}") = "web", "web", "{0D7A460F-D532-463B-BE2E-9DE43086C129}"
EndProject
Project("{FAE04EC0-301F-11D3-BF4B-00C04F79EFBC}") = "ams", "web\ams\ams.csproj", "{3B1BCF35-223D-4B54-9E93-8F83ACAD0868}"
EndProject
Project("{FAE04EC0-301F-11D3-BF4B-00C04F79EFBC}") = "ams_msg", "web\ams_msg\ams_msg.csproj", "{BA4ECB45-D14A-417A-95B6-E8FBC71ED430}"
EndProject
Project("{2150E333-8FDC-42A3-9474-1A3956D46DE8}") = "Solution Items", "Solution Items", "{AD1F933C-6B90-4A11-B3C1-4D96B6735F71}"
	ProjectSection(SolutionItems) = preProject
		..\..\Windows\System32\drivers\etc\hosts = ..\..\Windows\System32\drivers\etc\hosts
		sln\Projects.txt = sln\Projects.txt
	EndProjectSection
EndProject
Project("{2150E333-8FDC-42A3-9474-1A3956D46DE8}") = ".vs", ".vs", "{2AA30E7A-0E3A-41F5-B8D2-FB72313F6DB8}"
	ProjectSection(SolutionItems) = preProject
		sln\.vs\config\applicationhost.config = sln\.vs\config\applicationhost.config
	EndProjectSection
EndProject
Project("{2150E333-8FDC-42A3-9474-1A3956D46DE8}") = "IISExpress", "IISExpress", "{F8653C7B-3966-4A9B-AA27-F5230F3F0819}"
	ProjectSection(SolutionItems) = preProject
		..\..\Users\Administrator\Documents\IISExpress\config\applicationhost.config = ..\..\Users\Administrator\Documents\IISExpress\config\applicationhost.config
		..\..\Users\Administrator\Documents\IISExpress\config\aspnet.config = ..\..\Users\Administrator\Documents\IISExpress\config\aspnet.config
		..\..\Users\Administrator\Documents\IISExpress\config\redirection.config = ..\..\Users\Administrator\Documents\IISExpress\config\redirection.config
	EndProjectSection
EndProject
Project("{FAE04EC0-301F-11D3-BF4B-00C04F79EFBC}") = "api_test_client", "util\api_test_client\api_test_client.csproj", "{7DA14549-30D4-42A3-8A83-E7C1D12B7DBA}"
EndProject
Project("{FAE04EC0-301F-11D3-BF4B-00C04F79EFBC}") = "ams_api_client", "lib\api_client\ams_api_client.csproj", "{C3DD615B-C0DA-4461-ADA2-73D89BC658B8}"
EndProject
Project("{2150E333-8FDC-42A3-9474-1A3956D46DE8}") = "util", "util", "{90645519-2300-46F6-A28B-7BBED19FC34D}"
EndProject
Project("{FAE04EC0-301F-11D3-BF4B-00C04F79EFBC}") = "LogService", "util\LogService\LogService.csproj", "{AC51D375-10D7-468A-A3B5-CC5EB1B99F9D}"
EndProject
Project("{FAE04EC0-301F-11D3-BF4B-00C04F79EFBC}") = "ams.ui", "lib\uiHelpers\ams.ui.csproj", "{A801A84E-EA83-4D1A-BCDA-1AFCE3EEA891}"
EndProject
Project("{FAE04EC0-301F-11D3-BF4B-00C04F79EFBC}") = "ams.tran", "lib\ams.tran\ams.tran.csproj", "{1783CCFC-10AC-4F38-9E87-0EBDBEFC41D0}"
EndProject
Project("{FAE04EC0-301F-11D3-BF4B-00C04F79EFBC}") = "ams.core", "lib\ams.core\ams.core.csproj", "{F8BD8A7F-7ABD-402B-8F77-F2AD084DA7B7}"
EndProject
Project("{FAE04EC0-301F-11D3-BF4B-00C04F79EFBC}") = "ams.tran.callback", "web\ams.tran.callback\ams.tran.callback.csproj", "{7BD029C1-6094-426A-9FFB-03D9106068D9}"
EndProject
Project("{FAE04EC0-301F-11D3-BF4B-00C04F79EFBC}") = "ams.platforms", "lib\ams.platforms\ams.platforms.csproj", "{CDADB758-1496-4E1C-A07D-00F7833616B3}"
EndProject
Project("{FAE04EC0-301F-11D3-BF4B-00C04F79EFBC}") = "payment_sample", "web\payment_sample\payment_sample.csproj", "{A4697B2A-F75F-4B52-B5A7-5EAB63153149}"
EndProject
Project("{FAE04EC0-301F-11D3-BF4B-00C04F79EFBC}") = "ams_api", "web\ams_api\ams_api.csproj", "{F8073ED5-E358-4E1F-BEB1-F0873CBAEFC2}"
EndProject
Project("{FAE04EC0-301F-11D3-BF4B-00C04F79EFBC}") = "ams.payments", "lib\ams.payments\ams.payments.csproj", "{2485ADCC-8207-4321-89D4-FD7E97D8618E}"
EndProject
Project("{FAE04EC0-301F-11D3-BF4B-00C04F79EFBC}") = "ams.extra", "lib\ams.extra\ams.extra.csproj", "{52C6D1A8-C1A5-48D7-BC76-BC99E3B0601D}"
EndProject
Project("{FAE04EC0-301F-11D3-BF4B-00C04F79EFBC}") = "game_replay", "web\game_replay\game_replay.csproj", "{E206F338-BD98-45E4-9DD0-37BB0FCDE42E}"
EndProject
Project("{FAE04EC0-301F-11D3-BF4B-00C04F79EFBC}") = "ams.core_api", "lib\ams.core_api\ams.core_api.csproj", "{0C1BC4AD-0CC5-41AD-B44E-4363038B4A29}"
EndProject
Project("{FAE04EC0-301F-11D3-BF4B-00C04F79EFBC}") = "ams.HelpPage", "web\ams.HelpPage\ams.HelpPage.csproj", "{CADA0B54-05A0-40B7-AC87-683C6D19A892}"
EndProject
Project("{FAE04EC0-301F-11D3-BF4B-00C04F79EFBC}") = "PhotoCapture", "web\PhotoCapture\PhotoCapture.csproj", "{0F1FBF09-8F89-4114-9731-F8581178F175}"
EndProject
Project("{FAE04EC0-301F-11D3-BF4B-00C04F79EFBC}") = "gms.Lottery", "Lottery\gms.Lottery\gms.Lottery.csproj", "{9A530BD8-25D5-4009-B67F-9B56B2B9952E}"
EndProject
Project("{FAE04EC0-301F-11D3-BF4B-00C04F79EFBC}") = "gms.Bingo", "Bingo\gms.Bingo\gms.Bingo.csproj", "{B2321BB2-43FC-41BD-BD23-46C2B3BE8585}"
EndProject
Project("{2150E333-8FDC-42A3-9474-1A3956D46DE8}") = "SunTech", "SunTech", "{22C228E7-8D4C-448F-B61A-8CAEC08E3A09}"
	ProjectSection(SolutionItems) = preProject
		doc\SunTech\APP金流模組串接介紹.pdf = doc\SunTech\APP金流模組串接介紹.pdf
		doc\SunTech\SunTechUCAiUYUV2.4.pdf = doc\SunTech\SunTechUCAiUYUV2.4.pdf
		doc\SunTech\SunTech串接手冊+V3.0.1.pdf = doc\SunTech\SunTech串接手冊+V3.0.1.pdf
		doc\SunTech\SunTech物流串接手冊+V1.0.pdf = doc\SunTech\SunTech物流串接手冊+V1.0.pdf
		doc\SunTech\商家專區使用手冊V2.5.pdf = doc\SunTech\商家專區使用手冊V2.5.pdf
		doc\SunTech\紅陽科技-Paycode代碼繳費流程圖(四大超商).pdf = doc\SunTech\紅陽科技-Paycode代碼繳費流程圖(四大超商).pdf
	EndProjectSection
EndProject
Project("{FAE04EC0-301F-11D3-BF4B-00C04F79EFBC}") = "RecogService", "util\RecogService\RecogService.csproj", "{65965540-60F1-44B5-9B6E-17184D20B976}"
EndProject
Project("{2150E333-8FDC-42A3-9474-1A3956D46DE8}") = "game.Lottery", "game.Lottery", "{2051C9DC-DD4B-4CA8-955F-25011E281073}"
EndProject
Project("{2150E333-8FDC-42A3-9474-1A3956D46DE8}") = "game.Bingo", "game.Bingo", "{B5928207-8D01-4A0F-ACE5-D6FBCECF48D4}"
EndProject
Project("{FAE04EC0-301F-11D3-BF4B-00C04F79EFBC}") = "LotteryApi", "Lottery\LotteryApi\LotteryApi.csproj", "{E44130EE-BF20-4CA8-8FA2-FA1A2D3B93E2}"
EndProject
Project("{2150E333-8FDC-42A3-9474-1A3956D46DE8}") = "Recog", "Recog", "{9DDF7172-FB24-4D86-A688-10B7ADA69D3F}"
EndProject
Project("{2150E333-8FDC-42A3-9474-1A3956D46DE8}") = "game.GeniusBull", "game.GeniusBull", "{02446961-CB59-47E7-949A-7A8D8E51B29D}"
EndProject
Project("{FAE04EC0-301F-11D3-BF4B-00C04F79EFBC}") = "GeniusBullApi", "lib\GeniusBullApi\GeniusBullApi.csproj", "{61D13FBD-3CB2-4542-AB25-AAB7C30E013D}"
EndProject
Project("{FAE04EC0-301F-11D3-BF4B-00C04F79EFBC}") = "RecogServiceApi", "lib\RecogServiceApi\RecogServiceApi.csproj", "{F491F4BB-91B8-46E4-A3F7-13B5F4D3B77D}"
EndProject
Project("{8BB2217D-0F2D-49D1-97BC-3654ED321F3B}") = "Tools", "lib\Tools\Tools.xproj", "{C8DE4077-3362-496C-9359-83E7250F3EB0}"
EndProject
Global
	GlobalSection(SolutionConfigurationPlatforms) = preSolution
		CodeAnalysis|Any CPU = CodeAnalysis|Any CPU
		Debug|Any CPU = Debug|Any CPU
		Release|Any CPU = Release|Any CPU
		Verify|Any CPU = Verify|Any CPU
	EndGlobalSection
	GlobalSection(ProjectConfigurationPlatforms) = postSolution
		{8F5E46B1-FD54-40A8-88D9-37E722FEEEE6}.CodeAnalysis|Any CPU.ActiveCfg = Release|Any CPU
		{8F5E46B1-FD54-40A8-88D9-37E722FEEEE6}.CodeAnalysis|Any CPU.Build.0 = Release|Any CPU
		{8F5E46B1-FD54-40A8-88D9-37E722FEEEE6}.Debug|Any CPU.ActiveCfg = Debug|Any CPU
		{8F5E46B1-FD54-40A8-88D9-37E722FEEEE6}.Debug|Any CPU.Build.0 = Debug|Any CPU
		{8F5E46B1-FD54-40A8-88D9-37E722FEEEE6}.Release|Any CPU.ActiveCfg = Release|Any CPU
		{8F5E46B1-FD54-40A8-88D9-37E722FEEEE6}.Release|Any CPU.Build.0 = Release|Any CPU
		{8F5E46B1-FD54-40A8-88D9-37E722FEEEE6}.Verify|Any CPU.ActiveCfg = Release|Any CPU
		{8F5E46B1-FD54-40A8-88D9-37E722FEEEE6}.Verify|Any CPU.Build.0 = Release|Any CPU
		{3B1BCF35-223D-4B54-9E93-8F83ACAD0868}.CodeAnalysis|Any CPU.ActiveCfg = Release|Any CPU
		{3B1BCF35-223D-4B54-9E93-8F83ACAD0868}.CodeAnalysis|Any CPU.Build.0 = Release|Any CPU
		{3B1BCF35-223D-4B54-9E93-8F83ACAD0868}.Debug|Any CPU.ActiveCfg = Debug|Any CPU
		{3B1BCF35-223D-4B54-9E93-8F83ACAD0868}.Debug|Any CPU.Build.0 = Debug|Any CPU
		{3B1BCF35-223D-4B54-9E93-8F83ACAD0868}.Release|Any CPU.ActiveCfg = Release|Any CPU
		{3B1BCF35-223D-4B54-9E93-8F83ACAD0868}.Release|Any CPU.Build.0 = Release|Any CPU
		{3B1BCF35-223D-4B54-9E93-8F83ACAD0868}.Verify|Any CPU.ActiveCfg = Release|Any CPU
		{3B1BCF35-223D-4B54-9E93-8F83ACAD0868}.Verify|Any CPU.Build.0 = Release|Any CPU
		{BA4ECB45-D14A-417A-95B6-E8FBC71ED430}.CodeAnalysis|Any CPU.ActiveCfg = Release|Any CPU
		{BA4ECB45-D14A-417A-95B6-E8FBC71ED430}.CodeAnalysis|Any CPU.Build.0 = Release|Any CPU
		{BA4ECB45-D14A-417A-95B6-E8FBC71ED430}.Debug|Any CPU.ActiveCfg = Debug|Any CPU
		{BA4ECB45-D14A-417A-95B6-E8FBC71ED430}.Debug|Any CPU.Build.0 = Debug|Any CPU
		{BA4ECB45-D14A-417A-95B6-E8FBC71ED430}.Release|Any CPU.ActiveCfg = Release|Any CPU
		{BA4ECB45-D14A-417A-95B6-E8FBC71ED430}.Release|Any CPU.Build.0 = Release|Any CPU
		{BA4ECB45-D14A-417A-95B6-E8FBC71ED430}.Verify|Any CPU.ActiveCfg = Release|Any CPU
		{BA4ECB45-D14A-417A-95B6-E8FBC71ED430}.Verify|Any CPU.Build.0 = Release|Any CPU
		{7DA14549-30D4-42A3-8A83-E7C1D12B7DBA}.CodeAnalysis|Any CPU.ActiveCfg = Release|Any CPU
		{7DA14549-30D4-42A3-8A83-E7C1D12B7DBA}.CodeAnalysis|Any CPU.Build.0 = Release|Any CPU
		{7DA14549-30D4-42A3-8A83-E7C1D12B7DBA}.Debug|Any CPU.ActiveCfg = Debug|Any CPU
		{7DA14549-30D4-42A3-8A83-E7C1D12B7DBA}.Debug|Any CPU.Build.0 = Debug|Any CPU
		{7DA14549-30D4-42A3-8A83-E7C1D12B7DBA}.Release|Any CPU.ActiveCfg = Release|Any CPU
		{7DA14549-30D4-42A3-8A83-E7C1D12B7DBA}.Release|Any CPU.Build.0 = Release|Any CPU
		{7DA14549-30D4-42A3-8A83-E7C1D12B7DBA}.Verify|Any CPU.ActiveCfg = Release|Any CPU
		{7DA14549-30D4-42A3-8A83-E7C1D12B7DBA}.Verify|Any CPU.Build.0 = Release|Any CPU
		{C3DD615B-C0DA-4461-ADA2-73D89BC658B8}.CodeAnalysis|Any CPU.ActiveCfg = Release|Any CPU
		{C3DD615B-C0DA-4461-ADA2-73D89BC658B8}.CodeAnalysis|Any CPU.Build.0 = Release|Any CPU
		{C3DD615B-C0DA-4461-ADA2-73D89BC658B8}.Debug|Any CPU.ActiveCfg = Debug|Any CPU
		{C3DD615B-C0DA-4461-ADA2-73D89BC658B8}.Debug|Any CPU.Build.0 = Debug|Any CPU
		{C3DD615B-C0DA-4461-ADA2-73D89BC658B8}.Release|Any CPU.ActiveCfg = Release|Any CPU
		{C3DD615B-C0DA-4461-ADA2-73D89BC658B8}.Release|Any CPU.Build.0 = Release|Any CPU
		{C3DD615B-C0DA-4461-ADA2-73D89BC658B8}.Verify|Any CPU.ActiveCfg = Release|Any CPU
		{C3DD615B-C0DA-4461-ADA2-73D89BC658B8}.Verify|Any CPU.Build.0 = Release|Any CPU
		{AC51D375-10D7-468A-A3B5-CC5EB1B99F9D}.CodeAnalysis|Any CPU.ActiveCfg = Release|Any CPU
		{AC51D375-10D7-468A-A3B5-CC5EB1B99F9D}.CodeAnalysis|Any CPU.Build.0 = Release|Any CPU
		{AC51D375-10D7-468A-A3B5-CC5EB1B99F9D}.Debug|Any CPU.ActiveCfg = Debug|Any CPU
		{AC51D375-10D7-468A-A3B5-CC5EB1B99F9D}.Debug|Any CPU.Build.0 = Debug|Any CPU
		{AC51D375-10D7-468A-A3B5-CC5EB1B99F9D}.Release|Any CPU.ActiveCfg = Release|Any CPU
		{AC51D375-10D7-468A-A3B5-CC5EB1B99F9D}.Release|Any CPU.Build.0 = Release|Any CPU
		{AC51D375-10D7-468A-A3B5-CC5EB1B99F9D}.Verify|Any CPU.ActiveCfg = Release|Any CPU
		{AC51D375-10D7-468A-A3B5-CC5EB1B99F9D}.Verify|Any CPU.Build.0 = Release|Any CPU
		{A801A84E-EA83-4D1A-BCDA-1AFCE3EEA891}.CodeAnalysis|Any CPU.ActiveCfg = Release|Any CPU
		{A801A84E-EA83-4D1A-BCDA-1AFCE3EEA891}.CodeAnalysis|Any CPU.Build.0 = Release|Any CPU
		{A801A84E-EA83-4D1A-BCDA-1AFCE3EEA891}.Debug|Any CPU.ActiveCfg = Debug|Any CPU
		{A801A84E-EA83-4D1A-BCDA-1AFCE3EEA891}.Debug|Any CPU.Build.0 = Debug|Any CPU
		{A801A84E-EA83-4D1A-BCDA-1AFCE3EEA891}.Release|Any CPU.ActiveCfg = Release|Any CPU
		{A801A84E-EA83-4D1A-BCDA-1AFCE3EEA891}.Release|Any CPU.Build.0 = Release|Any CPU
		{A801A84E-EA83-4D1A-BCDA-1AFCE3EEA891}.Verify|Any CPU.ActiveCfg = Release|Any CPU
		{A801A84E-EA83-4D1A-BCDA-1AFCE3EEA891}.Verify|Any CPU.Build.0 = Release|Any CPU
		{1783CCFC-10AC-4F38-9E87-0EBDBEFC41D0}.CodeAnalysis|Any CPU.ActiveCfg = Release|Any CPU
		{1783CCFC-10AC-4F38-9E87-0EBDBEFC41D0}.CodeAnalysis|Any CPU.Build.0 = Release|Any CPU
		{1783CCFC-10AC-4F38-9E87-0EBDBEFC41D0}.Debug|Any CPU.ActiveCfg = Debug|Any CPU
		{1783CCFC-10AC-4F38-9E87-0EBDBEFC41D0}.Debug|Any CPU.Build.0 = Debug|Any CPU
		{1783CCFC-10AC-4F38-9E87-0EBDBEFC41D0}.Release|Any CPU.ActiveCfg = Release|Any CPU
		{1783CCFC-10AC-4F38-9E87-0EBDBEFC41D0}.Release|Any CPU.Build.0 = Release|Any CPU
		{1783CCFC-10AC-4F38-9E87-0EBDBEFC41D0}.Verify|Any CPU.ActiveCfg = Release|Any CPU
		{1783CCFC-10AC-4F38-9E87-0EBDBEFC41D0}.Verify|Any CPU.Build.0 = Release|Any CPU
		{F8BD8A7F-7ABD-402B-8F77-F2AD084DA7B7}.CodeAnalysis|Any CPU.ActiveCfg = Release|Any CPU
		{F8BD8A7F-7ABD-402B-8F77-F2AD084DA7B7}.CodeAnalysis|Any CPU.Build.0 = Release|Any CPU
		{F8BD8A7F-7ABD-402B-8F77-F2AD084DA7B7}.Debug|Any CPU.ActiveCfg = Debug|Any CPU
		{F8BD8A7F-7ABD-402B-8F77-F2AD084DA7B7}.Debug|Any CPU.Build.0 = Debug|Any CPU
		{F8BD8A7F-7ABD-402B-8F77-F2AD084DA7B7}.Release|Any CPU.ActiveCfg = Release|Any CPU
		{F8BD8A7F-7ABD-402B-8F77-F2AD084DA7B7}.Release|Any CPU.Build.0 = Release|Any CPU
		{F8BD8A7F-7ABD-402B-8F77-F2AD084DA7B7}.Verify|Any CPU.ActiveCfg = Release|Any CPU
		{F8BD8A7F-7ABD-402B-8F77-F2AD084DA7B7}.Verify|Any CPU.Build.0 = Release|Any CPU
		{7BD029C1-6094-426A-9FFB-03D9106068D9}.CodeAnalysis|Any CPU.ActiveCfg = Release|Any CPU
		{7BD029C1-6094-426A-9FFB-03D9106068D9}.CodeAnalysis|Any CPU.Build.0 = Release|Any CPU
		{7BD029C1-6094-426A-9FFB-03D9106068D9}.Debug|Any CPU.ActiveCfg = Debug|Any CPU
		{7BD029C1-6094-426A-9FFB-03D9106068D9}.Debug|Any CPU.Build.0 = Debug|Any CPU
		{7BD029C1-6094-426A-9FFB-03D9106068D9}.Release|Any CPU.ActiveCfg = Release|Any CPU
		{7BD029C1-6094-426A-9FFB-03D9106068D9}.Release|Any CPU.Build.0 = Release|Any CPU
		{7BD029C1-6094-426A-9FFB-03D9106068D9}.Verify|Any CPU.ActiveCfg = Release|Any CPU
		{7BD029C1-6094-426A-9FFB-03D9106068D9}.Verify|Any CPU.Build.0 = Release|Any CPU
		{CDADB758-1496-4E1C-A07D-00F7833616B3}.CodeAnalysis|Any CPU.ActiveCfg = Release|Any CPU
		{CDADB758-1496-4E1C-A07D-00F7833616B3}.CodeAnalysis|Any CPU.Build.0 = Release|Any CPU
		{CDADB758-1496-4E1C-A07D-00F7833616B3}.Debug|Any CPU.ActiveCfg = Debug|Any CPU
		{CDADB758-1496-4E1C-A07D-00F7833616B3}.Debug|Any CPU.Build.0 = Debug|Any CPU
		{CDADB758-1496-4E1C-A07D-00F7833616B3}.Release|Any CPU.ActiveCfg = Release|Any CPU
		{CDADB758-1496-4E1C-A07D-00F7833616B3}.Release|Any CPU.Build.0 = Release|Any CPU
		{CDADB758-1496-4E1C-A07D-00F7833616B3}.Verify|Any CPU.ActiveCfg = Release|Any CPU
		{CDADB758-1496-4E1C-A07D-00F7833616B3}.Verify|Any CPU.Build.0 = Release|Any CPU
		{A4697B2A-F75F-4B52-B5A7-5EAB63153149}.CodeAnalysis|Any CPU.ActiveCfg = Release|Any CPU
		{A4697B2A-F75F-4B52-B5A7-5EAB63153149}.CodeAnalysis|Any CPU.Build.0 = Release|Any CPU
		{A4697B2A-F75F-4B52-B5A7-5EAB63153149}.Debug|Any CPU.ActiveCfg = Debug|Any CPU
		{A4697B2A-F75F-4B52-B5A7-5EAB63153149}.Debug|Any CPU.Build.0 = Debug|Any CPU
		{A4697B2A-F75F-4B52-B5A7-5EAB63153149}.Release|Any CPU.ActiveCfg = Release|Any CPU
		{A4697B2A-F75F-4B52-B5A7-5EAB63153149}.Release|Any CPU.Build.0 = Release|Any CPU
		{A4697B2A-F75F-4B52-B5A7-5EAB63153149}.Verify|Any CPU.ActiveCfg = Release|Any CPU
		{A4697B2A-F75F-4B52-B5A7-5EAB63153149}.Verify|Any CPU.Build.0 = Release|Any CPU
		{F8073ED5-E358-4E1F-BEB1-F0873CBAEFC2}.CodeAnalysis|Any CPU.ActiveCfg = Release|Any CPU
		{F8073ED5-E358-4E1F-BEB1-F0873CBAEFC2}.CodeAnalysis|Any CPU.Build.0 = Release|Any CPU
		{F8073ED5-E358-4E1F-BEB1-F0873CBAEFC2}.Debug|Any CPU.ActiveCfg = Debug|Any CPU
		{F8073ED5-E358-4E1F-BEB1-F0873CBAEFC2}.Debug|Any CPU.Build.0 = Debug|Any CPU
		{F8073ED5-E358-4E1F-BEB1-F0873CBAEFC2}.Release|Any CPU.ActiveCfg = Release|Any CPU
		{F8073ED5-E358-4E1F-BEB1-F0873CBAEFC2}.Release|Any CPU.Build.0 = Release|Any CPU
		{F8073ED5-E358-4E1F-BEB1-F0873CBAEFC2}.Verify|Any CPU.ActiveCfg = Release|Any CPU
		{F8073ED5-E358-4E1F-BEB1-F0873CBAEFC2}.Verify|Any CPU.Build.0 = Release|Any CPU
		{2485ADCC-8207-4321-89D4-FD7E97D8618E}.CodeAnalysis|Any CPU.ActiveCfg = Release|Any CPU
		{2485ADCC-8207-4321-89D4-FD7E97D8618E}.CodeAnalysis|Any CPU.Build.0 = Release|Any CPU
		{2485ADCC-8207-4321-89D4-FD7E97D8618E}.Debug|Any CPU.ActiveCfg = Debug|Any CPU
		{2485ADCC-8207-4321-89D4-FD7E97D8618E}.Debug|Any CPU.Build.0 = Debug|Any CPU
		{2485ADCC-8207-4321-89D4-FD7E97D8618E}.Release|Any CPU.ActiveCfg = Release|Any CPU
		{2485ADCC-8207-4321-89D4-FD7E97D8618E}.Release|Any CPU.Build.0 = Release|Any CPU
		{2485ADCC-8207-4321-89D4-FD7E97D8618E}.Verify|Any CPU.ActiveCfg = Release|Any CPU
		{2485ADCC-8207-4321-89D4-FD7E97D8618E}.Verify|Any CPU.Build.0 = Release|Any CPU
		{52C6D1A8-C1A5-48D7-BC76-BC99E3B0601D}.CodeAnalysis|Any CPU.ActiveCfg = Release|Any CPU
		{52C6D1A8-C1A5-48D7-BC76-BC99E3B0601D}.CodeAnalysis|Any CPU.Build.0 = Release|Any CPU
		{52C6D1A8-C1A5-48D7-BC76-BC99E3B0601D}.Debug|Any CPU.ActiveCfg = Debug|Any CPU
		{52C6D1A8-C1A5-48D7-BC76-BC99E3B0601D}.Debug|Any CPU.Build.0 = Debug|Any CPU
		{52C6D1A8-C1A5-48D7-BC76-BC99E3B0601D}.Release|Any CPU.ActiveCfg = Release|Any CPU
		{52C6D1A8-C1A5-48D7-BC76-BC99E3B0601D}.Release|Any CPU.Build.0 = Release|Any CPU
		{52C6D1A8-C1A5-48D7-BC76-BC99E3B0601D}.Verify|Any CPU.ActiveCfg = Release|Any CPU
		{52C6D1A8-C1A5-48D7-BC76-BC99E3B0601D}.Verify|Any CPU.Build.0 = Release|Any CPU
		{E206F338-BD98-45E4-9DD0-37BB0FCDE42E}.CodeAnalysis|Any CPU.ActiveCfg = Release|Any CPU
		{E206F338-BD98-45E4-9DD0-37BB0FCDE42E}.CodeAnalysis|Any CPU.Build.0 = Release|Any CPU
		{E206F338-BD98-45E4-9DD0-37BB0FCDE42E}.Debug|Any CPU.ActiveCfg = Debug|Any CPU
		{E206F338-BD98-45E4-9DD0-37BB0FCDE42E}.Debug|Any CPU.Build.0 = Debug|Any CPU
		{E206F338-BD98-45E4-9DD0-37BB0FCDE42E}.Release|Any CPU.ActiveCfg = Release|Any CPU
		{E206F338-BD98-45E4-9DD0-37BB0FCDE42E}.Release|Any CPU.Build.0 = Release|Any CPU
		{E206F338-BD98-45E4-9DD0-37BB0FCDE42E}.Verify|Any CPU.ActiveCfg = Release|Any CPU
		{E206F338-BD98-45E4-9DD0-37BB0FCDE42E}.Verify|Any CPU.Build.0 = Release|Any CPU
		{0C1BC4AD-0CC5-41AD-B44E-4363038B4A29}.CodeAnalysis|Any CPU.ActiveCfg = Release|Any CPU
		{0C1BC4AD-0CC5-41AD-B44E-4363038B4A29}.CodeAnalysis|Any CPU.Build.0 = Release|Any CPU
		{0C1BC4AD-0CC5-41AD-B44E-4363038B4A29}.Debug|Any CPU.ActiveCfg = Debug|Any CPU
		{0C1BC4AD-0CC5-41AD-B44E-4363038B4A29}.Debug|Any CPU.Build.0 = Debug|Any CPU
		{0C1BC4AD-0CC5-41AD-B44E-4363038B4A29}.Release|Any CPU.ActiveCfg = Release|Any CPU
		{0C1BC4AD-0CC5-41AD-B44E-4363038B4A29}.Release|Any CPU.Build.0 = Release|Any CPU
		{0C1BC4AD-0CC5-41AD-B44E-4363038B4A29}.Verify|Any CPU.ActiveCfg = Release|Any CPU
		{0C1BC4AD-0CC5-41AD-B44E-4363038B4A29}.Verify|Any CPU.Build.0 = Release|Any CPU
		{CADA0B54-05A0-40B7-AC87-683C6D19A892}.CodeAnalysis|Any CPU.ActiveCfg = Release|Any CPU
		{CADA0B54-05A0-40B7-AC87-683C6D19A892}.CodeAnalysis|Any CPU.Build.0 = Release|Any CPU
		{CADA0B54-05A0-40B7-AC87-683C6D19A892}.Debug|Any CPU.ActiveCfg = Debug|Any CPU
		{CADA0B54-05A0-40B7-AC87-683C6D19A892}.Debug|Any CPU.Build.0 = Debug|Any CPU
		{CADA0B54-05A0-40B7-AC87-683C6D19A892}.Release|Any CPU.ActiveCfg = Release|Any CPU
		{CADA0B54-05A0-40B7-AC87-683C6D19A892}.Release|Any CPU.Build.0 = Release|Any CPU
		{CADA0B54-05A0-40B7-AC87-683C6D19A892}.Verify|Any CPU.ActiveCfg = Release|Any CPU
		{CADA0B54-05A0-40B7-AC87-683C6D19A892}.Verify|Any CPU.Build.0 = Release|Any CPU
		{0F1FBF09-8F89-4114-9731-F8581178F175}.CodeAnalysis|Any CPU.ActiveCfg = Release|Any CPU
		{0F1FBF09-8F89-4114-9731-F8581178F175}.CodeAnalysis|Any CPU.Build.0 = Release|Any CPU
		{0F1FBF09-8F89-4114-9731-F8581178F175}.Debug|Any CPU.ActiveCfg = Debug|Any CPU
		{0F1FBF09-8F89-4114-9731-F8581178F175}.Debug|Any CPU.Build.0 = Debug|Any CPU
		{0F1FBF09-8F89-4114-9731-F8581178F175}.Release|Any CPU.ActiveCfg = Release|Any CPU
		{0F1FBF09-8F89-4114-9731-F8581178F175}.Release|Any CPU.Build.0 = Release|Any CPU
		{0F1FBF09-8F89-4114-9731-F8581178F175}.Verify|Any CPU.ActiveCfg = Release|Any CPU
		{0F1FBF09-8F89-4114-9731-F8581178F175}.Verify|Any CPU.Build.0 = Release|Any CPU
		{9A530BD8-25D5-4009-B67F-9B56B2B9952E}.CodeAnalysis|Any CPU.ActiveCfg = Release|Any CPU
		{9A530BD8-25D5-4009-B67F-9B56B2B9952E}.CodeAnalysis|Any CPU.Build.0 = Release|Any CPU
		{9A530BD8-25D5-4009-B67F-9B56B2B9952E}.Debug|Any CPU.ActiveCfg = Debug|Any CPU
		{9A530BD8-25D5-4009-B67F-9B56B2B9952E}.Debug|Any CPU.Build.0 = Debug|Any CPU
		{9A530BD8-25D5-4009-B67F-9B56B2B9952E}.Release|Any CPU.ActiveCfg = Release|Any CPU
		{9A530BD8-25D5-4009-B67F-9B56B2B9952E}.Release|Any CPU.Build.0 = Release|Any CPU
		{9A530BD8-25D5-4009-B67F-9B56B2B9952E}.Verify|Any CPU.ActiveCfg = Release|Any CPU
		{9A530BD8-25D5-4009-B67F-9B56B2B9952E}.Verify|Any CPU.Build.0 = Release|Any CPU
		{B2321BB2-43FC-41BD-BD23-46C2B3BE8585}.CodeAnalysis|Any CPU.ActiveCfg = Release|Any CPU
		{B2321BB2-43FC-41BD-BD23-46C2B3BE8585}.CodeAnalysis|Any CPU.Build.0 = Release|Any CPU
		{B2321BB2-43FC-41BD-BD23-46C2B3BE8585}.Debug|Any CPU.ActiveCfg = Debug|Any CPU
		{B2321BB2-43FC-41BD-BD23-46C2B3BE8585}.Debug|Any CPU.Build.0 = Debug|Any CPU
		{B2321BB2-43FC-41BD-BD23-46C2B3BE8585}.Release|Any CPU.ActiveCfg = Release|Any CPU
		{B2321BB2-43FC-41BD-BD23-46C2B3BE8585}.Release|Any CPU.Build.0 = Release|Any CPU
		{B2321BB2-43FC-41BD-BD23-46C2B3BE8585}.Verify|Any CPU.ActiveCfg = Release|Any CPU
		{B2321BB2-43FC-41BD-BD23-46C2B3BE8585}.Verify|Any CPU.Build.0 = Release|Any CPU
		{65965540-60F1-44B5-9B6E-17184D20B976}.CodeAnalysis|Any CPU.ActiveCfg = Release|Any CPU
		{65965540-60F1-44B5-9B6E-17184D20B976}.CodeAnalysis|Any CPU.Build.0 = Release|Any CPU
		{65965540-60F1-44B5-9B6E-17184D20B976}.Debug|Any CPU.ActiveCfg = Debug|Any CPU
		{65965540-60F1-44B5-9B6E-17184D20B976}.Debug|Any CPU.Build.0 = Debug|Any CPU
		{65965540-60F1-44B5-9B6E-17184D20B976}.Release|Any CPU.ActiveCfg = Release|Any CPU
		{65965540-60F1-44B5-9B6E-17184D20B976}.Release|Any CPU.Build.0 = Release|Any CPU
		{65965540-60F1-44B5-9B6E-17184D20B976}.Verify|Any CPU.ActiveCfg = Release|Any CPU
		{65965540-60F1-44B5-9B6E-17184D20B976}.Verify|Any CPU.Build.0 = Release|Any CPU
		{E44130EE-BF20-4CA8-8FA2-FA1A2D3B93E2}.CodeAnalysis|Any CPU.ActiveCfg = Release|Any CPU
		{E44130EE-BF20-4CA8-8FA2-FA1A2D3B93E2}.CodeAnalysis|Any CPU.Build.0 = Release|Any CPU
		{E44130EE-BF20-4CA8-8FA2-FA1A2D3B93E2}.Debug|Any CPU.ActiveCfg = Debug|Any CPU
		{E44130EE-BF20-4CA8-8FA2-FA1A2D3B93E2}.Debug|Any CPU.Build.0 = Debug|Any CPU
		{E44130EE-BF20-4CA8-8FA2-FA1A2D3B93E2}.Release|Any CPU.ActiveCfg = Release|Any CPU
		{E44130EE-BF20-4CA8-8FA2-FA1A2D3B93E2}.Release|Any CPU.Build.0 = Release|Any CPU
		{E44130EE-BF20-4CA8-8FA2-FA1A2D3B93E2}.Verify|Any CPU.ActiveCfg = Release|Any CPU
		{E44130EE-BF20-4CA8-8FA2-FA1A2D3B93E2}.Verify|Any CPU.Build.0 = Release|Any CPU
		{61D13FBD-3CB2-4542-AB25-AAB7C30E013D}.CodeAnalysis|Any CPU.ActiveCfg = Release|Any CPU
		{61D13FBD-3CB2-4542-AB25-AAB7C30E013D}.CodeAnalysis|Any CPU.Build.0 = Release|Any CPU
		{61D13FBD-3CB2-4542-AB25-AAB7C30E013D}.Debug|Any CPU.ActiveCfg = Debug|Any CPU
		{61D13FBD-3CB2-4542-AB25-AAB7C30E013D}.Debug|Any CPU.Build.0 = Debug|Any CPU
		{61D13FBD-3CB2-4542-AB25-AAB7C30E013D}.Release|Any CPU.ActiveCfg = Release|Any CPU
		{61D13FBD-3CB2-4542-AB25-AAB7C30E013D}.Release|Any CPU.Build.0 = Release|Any CPU
		{61D13FBD-3CB2-4542-AB25-AAB7C30E013D}.Verify|Any CPU.ActiveCfg = Release|Any CPU
		{61D13FBD-3CB2-4542-AB25-AAB7C30E013D}.Verify|Any CPU.Build.0 = Release|Any CPU
		{F491F4BB-91B8-46E4-A3F7-13B5F4D3B77D}.CodeAnalysis|Any CPU.ActiveCfg = Release|Any CPU
		{F491F4BB-91B8-46E4-A3F7-13B5F4D3B77D}.CodeAnalysis|Any CPU.Build.0 = Release|Any CPU
		{F491F4BB-91B8-46E4-A3F7-13B5F4D3B77D}.Debug|Any CPU.ActiveCfg = Debug|Any CPU
		{F491F4BB-91B8-46E4-A3F7-13B5F4D3B77D}.Debug|Any CPU.Build.0 = Debug|Any CPU
		{F491F4BB-91B8-46E4-A3F7-13B5F4D3B77D}.Release|Any CPU.ActiveCfg = Release|Any CPU
		{F491F4BB-91B8-46E4-A3F7-13B5F4D3B77D}.Release|Any CPU.Build.0 = Release|Any CPU
		{F491F4BB-91B8-46E4-A3F7-13B5F4D3B77D}.Verify|Any CPU.ActiveCfg = Release|Any CPU
		{F491F4BB-91B8-46E4-A3F7-13B5F4D3B77D}.Verify|Any CPU.Build.0 = Release|Any CPU
		{C8DE4077-3362-496C-9359-83E7250F3EB0}.CodeAnalysis|Any CPU.ActiveCfg = Debug|Any CPU
		{C8DE4077-3362-496C-9359-83E7250F3EB0}.CodeAnalysis|Any CPU.Build.0 = Debug|Any CPU
		{C8DE4077-3362-496C-9359-83E7250F3EB0}.Debug|Any CPU.ActiveCfg = Debug|Any CPU
		{C8DE4077-3362-496C-9359-83E7250F3EB0}.Debug|Any CPU.Build.0 = Debug|Any CPU
		{C8DE4077-3362-496C-9359-83E7250F3EB0}.Release|Any CPU.ActiveCfg = Release|Any CPU
		{C8DE4077-3362-496C-9359-83E7250F3EB0}.Release|Any CPU.Build.0 = Release|Any CPU
		{C8DE4077-3362-496C-9359-83E7250F3EB0}.Verify|Any CPU.ActiveCfg = Debug|Any CPU
		{C8DE4077-3362-496C-9359-83E7250F3EB0}.Verify|Any CPU.Build.0 = Debug|Any CPU
	EndGlobalSection
	GlobalSection(SolutionProperties) = preSolution
		HideSolutionNode = FALSE
	EndGlobalSection
	GlobalSection(NestedProjects) = preSolution
		{8F5E46B1-FD54-40A8-88D9-37E722FEEEE6} = {785E35C2-0866-4785-A608-6B4D9AE80EE6}
		{3B1BCF35-223D-4B54-9E93-8F83ACAD0868} = {0D7A460F-D532-463B-BE2E-9DE43086C129}
		{BA4ECB45-D14A-417A-95B6-E8FBC71ED430} = {0D7A460F-D532-463B-BE2E-9DE43086C129}
		{2AA30E7A-0E3A-41F5-B8D2-FB72313F6DB8} = {AD1F933C-6B90-4A11-B3C1-4D96B6735F71}
		{F8653C7B-3966-4A9B-AA27-F5230F3F0819} = {AD1F933C-6B90-4A11-B3C1-4D96B6735F71}
		{7DA14549-30D4-42A3-8A83-E7C1D12B7DBA} = {0E854FEF-F5EB-40F6-A78B-07034F3A90AB}
		{C3DD615B-C0DA-4461-ADA2-73D89BC658B8} = {785E35C2-0866-4785-A608-6B4D9AE80EE6}
		{AC51D375-10D7-468A-A3B5-CC5EB1B99F9D} = {90645519-2300-46F6-A28B-7BBED19FC34D}
		{A801A84E-EA83-4D1A-BCDA-1AFCE3EEA891} = {785E35C2-0866-4785-A608-6B4D9AE80EE6}
		{1783CCFC-10AC-4F38-9E87-0EBDBEFC41D0} = {785E35C2-0866-4785-A608-6B4D9AE80EE6}
		{F8BD8A7F-7ABD-402B-8F77-F2AD084DA7B7} = {785E35C2-0866-4785-A608-6B4D9AE80EE6}
		{7BD029C1-6094-426A-9FFB-03D9106068D9} = {0D7A460F-D532-463B-BE2E-9DE43086C129}
		{CDADB758-1496-4E1C-A07D-00F7833616B3} = {785E35C2-0866-4785-A608-6B4D9AE80EE6}
		{A4697B2A-F75F-4B52-B5A7-5EAB63153149} = {0E854FEF-F5EB-40F6-A78B-07034F3A90AB}
		{F8073ED5-E358-4E1F-BEB1-F0873CBAEFC2} = {0D7A460F-D532-463B-BE2E-9DE43086C129}
		{2485ADCC-8207-4321-89D4-FD7E97D8618E} = {785E35C2-0866-4785-A608-6B4D9AE80EE6}
		{52C6D1A8-C1A5-48D7-BC76-BC99E3B0601D} = {785E35C2-0866-4785-A608-6B4D9AE80EE6}
		{E206F338-BD98-45E4-9DD0-37BB0FCDE42E} = {0D7A460F-D532-463B-BE2E-9DE43086C129}
		{0C1BC4AD-0CC5-41AD-B44E-4363038B4A29} = {785E35C2-0866-4785-A608-6B4D9AE80EE6}
		{CADA0B54-05A0-40B7-AC87-683C6D19A892} = {0D7A460F-D532-463B-BE2E-9DE43086C129}
		{0F1FBF09-8F89-4114-9731-F8581178F175} = {9DDF7172-FB24-4D86-A688-10B7ADA69D3F}
		{9A530BD8-25D5-4009-B67F-9B56B2B9952E} = {2051C9DC-DD4B-4CA8-955F-25011E281073}
		{B2321BB2-43FC-41BD-BD23-46C2B3BE8585} = {B5928207-8D01-4A0F-ACE5-D6FBCECF48D4}
		{22C228E7-8D4C-448F-B61A-8CAEC08E3A09} = {658ACEE8-00AD-4D4F-91C3-8FAA8386BA19}
		{65965540-60F1-44B5-9B6E-17184D20B976} = {9DDF7172-FB24-4D86-A688-10B7ADA69D3F}
		{E44130EE-BF20-4CA8-8FA2-FA1A2D3B93E2} = {2051C9DC-DD4B-4CA8-955F-25011E281073}
		{61D13FBD-3CB2-4542-AB25-AAB7C30E013D} = {02446961-CB59-47E7-949A-7A8D8E51B29D}
		{F491F4BB-91B8-46E4-A3F7-13B5F4D3B77D} = {9DDF7172-FB24-4D86-A688-10B7ADA69D3F}
		{C8DE4077-3362-496C-9359-83E7250F3EB0} = {785E35C2-0866-4785-A608-6B4D9AE80EE6}
	EndGlobalSection
EndGlobal
