Microsoft Visual Studio Solution File, Format Version 12.00
# Visual Studio Version 16
VisualStudioVersion = 16.0.28803.202
MinimumVisualStudioVersion = 10.0.40219.1
Project("{2150E333-8FDC-42A3-9474-1A3956D46DE8}") = ".project", ".project", "{A97B8D08-C96D-4E28-9102-2E7F6644A1BD}"
	ProjectSection(SolutionItems) = preProject
		common.props = common.props
		exclude.props = exclude.props
		..\..\Windows\System32\drivers\etc\hosts = ..\..\Windows\System32\drivers\etc\hosts
		NuGet.config = NuGet.config
		readme.txt = readme.txt
	EndProjectSection
EndProject
Project("{2150E333-8FDC-42A3-9474-1A3956D46DE8}") = "lib", "lib", "{F988683C-F7D7-455C-B40C-2D8EAF274263}"
EndProject
Project("{9A19103F-16F7-4668-BE54-9A1E7A4F7556}") = "ams.Payments", "lib\Payments\ams.Payments.csproj", "{83A6AC77-4104-4EF9-8C6C-6A1A70FCBE14}"
EndProject
Project("{9A19103F-16F7-4668-BE54-9A1E7A4F7556}") = "ams.Platforms", "lib\Platforms\ams.Platforms.csproj", "{6857AA9C-3A7D-42FD-89E9-83A845CA4284}"
EndProject
Project("{9A19103F-16F7-4668-BE54-9A1E7A4F7556}") = "ams.TagHelpers", "lib\TagHelpers\ams.TagHelpers.csproj", "{20B2904F-5F41-4B01-BFEA-E5F00BBF66E1}"
EndProject
Project("{9A19103F-16F7-4668-BE54-9A1E7A4F7556}") = "ams.Core", "lib\Core\ams.Core.csproj", "{1A5948FA-7FC2-4594-9474-6C5E6475E076}"
EndProject
Project("{9A19103F-16F7-4668-BE54-9A1E7A4F7556}") = "ams.Transactions", "lib\Transactions\ams.Transactions.csproj", "{A4D3590A-2E7D-47C4-9BC7-5766B6DD5FBD}"
EndProject
Project("{2150E333-8FDC-42A3-9474-1A3956D46DE8}") = "app", "app", "{D31F8A7E-2CA5-4F53-8914-BEE2EF0F6EC1}"
EndProject
Project("{9A19103F-16F7-4668-BE54-9A1E7A4F7556}") = "LogService", "app\LogService\LogService.csproj", "{23FB3E79-A213-48EC-8AD8-84E74CC3467A}"
EndProject
Project("{9A19103F-16F7-4668-BE54-9A1E7A4F7556}") = "LiveStreamServer", "app\LiveStreamServer\LiveStreamServer.csproj", "{D450C819-24E5-46AD-B1FC-9F044F01AECE}"
EndProject
Project("{9A19103F-16F7-4668-BE54-9A1E7A4F7556}") = "ams.Abstractions", "lib\Abstractions\ams.Abstractions.csproj", "{02A4827A-70EF-4513-8F75-C5A275B08CEC}"
EndProject
Project("{9A19103F-16F7-4668-BE54-9A1E7A4F7556}") = "ams", "app\ams\ams.csproj", "{2EC200E9-46FF-40B0-9006-853F5A16E237}"
EndProject
Project("{9A19103F-16F7-4668-BE54-9A1E7A4F7556}") = "ams.DataModels", "lib\DataModel\ams.DataModels.csproj", "{B08EB5E3-A606-444F-98DB-EF50F29B8281}"
EndProject
Project("{9A19103F-16F7-4668-BE54-9A1E7A4F7556}") = "ams_api", "app\ams_api\ams_api.csproj", "{FA67FD8D-3A6C-47C3-8EA9-5C8BBA6981A2}"
EndProject
Project("{9A19103F-16F7-4668-BE54-9A1E7A4F7556}") = "Tools", "lib\Tools\Tools.csproj", "{EBD491E4-F9E9-478F-BA33-60E6C96891C4}"
EndProject
Global
	GlobalSection(SolutionConfigurationPlatforms) = preSolution
		Debug|Any CPU = Debug|Any CPU
		Release|Any CPU = Release|Any CPU
	EndGlobalSection
	GlobalSection(ProjectConfigurationPlatforms) = postSolution
		{83A6AC77-4104-4EF9-8C6C-6A1A70FCBE14}.Debug|Any CPU.ActiveCfg = Debug|Any CPU
		{83A6AC77-4104-4EF9-8C6C-6A1A70FCBE14}.Debug|Any CPU.Build.0 = Debug|Any CPU
		{83A6AC77-4104-4EF9-8C6C-6A1A70FCBE14}.Release|Any CPU.ActiveCfg = Release|Any CPU
		{83A6AC77-4104-4EF9-8C6C-6A1A70FCBE14}.Release|Any CPU.Build.0 = Release|Any CPU
		{6857AA9C-3A7D-42FD-89E9-83A845CA4284}.Debug|Any CPU.ActiveCfg = Debug|Any CPU
		{6857AA9C-3A7D-42FD-89E9-83A845CA4284}.Debug|Any CPU.Build.0 = Debug|Any CPU
		{6857AA9C-3A7D-42FD-89E9-83A845CA4284}.Release|Any CPU.ActiveCfg = Release|Any CPU
		{6857AA9C-3A7D-42FD-89E9-83A845CA4284}.Release|Any CPU.Build.0 = Release|Any CPU
		{20B2904F-5F41-4B01-BFEA-E5F00BBF66E1}.Debug|Any CPU.ActiveCfg = Debug|Any CPU
		{20B2904F-5F41-4B01-BFEA-E5F00BBF66E1}.Debug|Any CPU.Build.0 = Debug|Any CPU
		{20B2904F-5F41-4B01-BFEA-E5F00BBF66E1}.Release|Any CPU.ActiveCfg = Release|Any CPU
		{20B2904F-5F41-4B01-BFEA-E5F00BBF66E1}.Release|Any CPU.Build.0 = Release|Any CPU
		{1A5948FA-7FC2-4594-9474-6C5E6475E076}.Debug|Any CPU.ActiveCfg = Debug|Any CPU
		{1A5948FA-7FC2-4594-9474-6C5E6475E076}.Debug|Any CPU.Build.0 = Debug|Any CPU
		{1A5948FA-7FC2-4594-9474-6C5E6475E076}.Release|Any CPU.ActiveCfg = Release|Any CPU
		{1A5948FA-7FC2-4594-9474-6C5E6475E076}.Release|Any CPU.Build.0 = Release|Any CPU
		{A4D3590A-2E7D-47C4-9BC7-5766B6DD5FBD}.Debug|Any CPU.ActiveCfg = Debug|Any CPU
		{A4D3590A-2E7D-47C4-9BC7-5766B6DD5FBD}.Debug|Any CPU.Build.0 = Debug|Any CPU
		{A4D3590A-2E7D-47C4-9BC7-5766B6DD5FBD}.Release|Any CPU.ActiveCfg = Release|Any CPU
		{A4D3590A-2E7D-47C4-9BC7-5766B6DD5FBD}.Release|Any CPU.Build.0 = Release|Any CPU
		{23FB3E79-A213-48EC-8AD8-84E74CC3467A}.Debug|Any CPU.ActiveCfg = Debug|Any CPU
		{23FB3E79-A213-48EC-8AD8-84E74CC3467A}.Debug|Any CPU.Build.0 = Debug|Any CPU
		{23FB3E79-A213-48EC-8AD8-84E74CC3467A}.Release|Any CPU.ActiveCfg = Release|Any CPU
		{23FB3E79-A213-48EC-8AD8-84E74CC3467A}.Release|Any CPU.Build.0 = Release|Any CPU
		{D450C819-24E5-46AD-B1FC-9F044F01AECE}.Debug|Any CPU.ActiveCfg = Debug|Any CPU
		{D450C819-24E5-46AD-B1FC-9F044F01AECE}.Debug|Any CPU.Build.0 = Debug|Any CPU
		{D450C819-24E5-46AD-B1FC-9F044F01AECE}.Release|Any CPU.ActiveCfg = Release|Any CPU
		{D450C819-24E5-46AD-B1FC-9F044F01AECE}.Release|Any CPU.Build.0 = Release|Any CPU
		{02A4827A-70EF-4513-8F75-C5A275B08CEC}.Debug|Any CPU.ActiveCfg = Debug|Any CPU
		{02A4827A-70EF-4513-8F75-C5A275B08CEC}.Debug|Any CPU.Build.0 = Debug|Any CPU
		{02A4827A-70EF-4513-8F75-C5A275B08CEC}.Release|Any CPU.ActiveCfg = Release|Any CPU
		{02A4827A-70EF-4513-8F75-C5A275B08CEC}.Release|Any CPU.Build.0 = Release|Any CPU
		{2EC200E9-46FF-40B0-9006-853F5A16E237}.Debug|Any CPU.ActiveCfg = Debug|Any CPU
		{2EC200E9-46FF-40B0-9006-853F5A16E237}.Debug|Any CPU.Build.0 = Debug|Any CPU
		{2EC200E9-46FF-40B0-9006-853F5A16E237}.Release|Any CPU.ActiveCfg = Release|Any CPU
		{2EC200E9-46FF-40B0-9006-853F5A16E237}.Release|Any CPU.Build.0 = Release|Any CPU
		{B08EB5E3-A606-444F-98DB-EF50F29B8281}.Debug|Any CPU.ActiveCfg = Debug|Any CPU
		{B08EB5E3-A606-444F-98DB-EF50F29B8281}.Debug|Any CPU.Build.0 = Debug|Any CPU
		{B08EB5E3-A606-444F-98DB-EF50F29B8281}.Release|Any CPU.ActiveCfg = Release|Any CPU
		{B08EB5E3-A606-444F-98DB-EF50F29B8281}.Release|Any CPU.Build.0 = Release|Any CPU
		{FA67FD8D-3A6C-47C3-8EA9-5C8BBA6981A2}.Debug|Any CPU.ActiveCfg = Debug|Any CPU
		{FA67FD8D-3A6C-47C3-8EA9-5C8BBA6981A2}.Debug|Any CPU.Build.0 = Debug|Any CPU
		{FA67FD8D-3A6C-47C3-8EA9-5C8BBA6981A2}.Release|Any CPU.ActiveCfg = Release|Any CPU
		{FA67FD8D-3A6C-47C3-8EA9-5C8BBA6981A2}.Release|Any CPU.Build.0 = Release|Any CPU
		{EBD491E4-F9E9-478F-BA33-60E6C96891C4}.Debug|Any CPU.ActiveCfg = Debug|Any CPU
		{EBD491E4-F9E9-478F-BA33-60E6C96891C4}.Debug|Any CPU.Build.0 = Debug|Any CPU
		{EBD491E4-F9E9-478F-BA33-60E6C96891C4}.Release|Any CPU.ActiveCfg = Release|Any CPU
		{EBD491E4-F9E9-478F-BA33-60E6C96891C4}.Release|Any CPU.Build.0 = Release|Any CPU
	EndGlobalSection
	GlobalSection(SolutionProperties) = preSolution
		HideSolutionNode = FALSE
	EndGlobalSection
	GlobalSection(NestedProjects) = preSolution
		{83A6AC77-4104-4EF9-8C6C-6A1A70FCBE14} = {F988683C-F7D7-455C-B40C-2D8EAF274263}
		{6857AA9C-3A7D-42FD-89E9-83A845CA4284} = {F988683C-F7D7-455C-B40C-2D8EAF274263}
		{20B2904F-5F41-4B01-BFEA-E5F00BBF66E1} = {F988683C-F7D7-455C-B40C-2D8EAF274263}
		{1A5948FA-7FC2-4594-9474-6C5E6475E076} = {F988683C-F7D7-455C-B40C-2D8EAF274263}
		{A4D3590A-2E7D-47C4-9BC7-5766B6DD5FBD} = {F988683C-F7D7-455C-B40C-2D8EAF274263}
		{23FB3E79-A213-48EC-8AD8-84E74CC3467A} = {D31F8A7E-2CA5-4F53-8914-BEE2EF0F6EC1}
		{D450C819-24E5-46AD-B1FC-9F044F01AECE} = {D31F8A7E-2CA5-4F53-8914-BEE2EF0F6EC1}
		{02A4827A-70EF-4513-8F75-C5A275B08CEC} = {F988683C-F7D7-455C-B40C-2D8EAF274263}
		{2EC200E9-46FF-40B0-9006-853F5A16E237} = {D31F8A7E-2CA5-4F53-8914-BEE2EF0F6EC1}
		{B08EB5E3-A606-444F-98DB-EF50F29B8281} = {F988683C-F7D7-455C-B40C-2D8EAF274263}
		{FA67FD8D-3A6C-47C3-8EA9-5C8BBA6981A2} = {D31F8A7E-2CA5-4F53-8914-BEE2EF0F6EC1}
		{EBD491E4-F9E9-478F-BA33-60E6C96891C4} = {F988683C-F7D7-455C-B40C-2D8EAF274263}
	EndGlobalSection
	GlobalSection(ExtensibilityGlobals) = postSolution
		SolutionGuid = {11B48416-3194-4CA4-83E5-3DB750E471C0}
	EndGlobalSection
EndGlobal
