Microsoft Visual Studio Solution File, Format Version 12.00
# Visual Studio Version 16
VisualStudioVersion = 16.0.28803.352
MinimumVisualStudioVersion = 10.0.40219.1
Project("{2150E333-8FDC-42A3-9474-1A3956D46DE8}") = ".project", ".project", "{A97B8D08-C96D-4E28-9102-2E7F6644A1BD}"
	ProjectSection(SolutionItems) = preProject
		common.props = common.props
		..\..\Windows\System32\drivers\etc\hosts = ..\..\Windows\System32\drivers\etc\hosts
		NuGet.config = NuGet.config
		readme.txt = readme.txt
	EndProjectSection
EndProject
Project("{2150E333-8FDC-42A3-9474-1A3956D46DE8}") = "lib", "lib", "{F988683C-F7D7-455C-B40C-2D8EAF274263}"
EndProject
Project("{9A19103F-16F7-4668-BE54-9A1E7A4F7556}") = "ams.Payments", "lib\Payments\ams.Payments.csproj", "{83A6AC77-4104-4EF9-8C6C-6A1A70FCBE14}"
EndProject
Project("{9A19103F-16F7-4668-BE54-9A1E7A4F7556}") = "ams.Platforms", "lib\Platforms\ams.Platforms.csproj", "{6857AA9C-3A7D-42FD-89E9-83A845CA4284}"
EndProject
Project("{9A19103F-16F7-4668-BE54-9A1E7A4F7556}") = "ams.TagHelpers", "lib\TagHelpers\ams.TagHelpers.csproj", "{20B2904F-5F41-4B01-BFEA-E5F00BBF66E1}"
EndProject
Project("{9A19103F-16F7-4668-BE54-9A1E7A4F7556}") = "ams.Core", "lib\Core\ams.Core.csproj", "{1A5948FA-7FC2-4594-9474-6C5E6475E076}"
EndProject
Project("{9A19103F-16F7-4668-BE54-9A1E7A4F7556}") = "ams.Transactions", "lib\Transactions\ams.Transactions.csproj", "{A4D3590A-2E7D-47C4-9BC7-5766B6DD5FBD}"
EndProject
Project("{2150E333-8FDC-42A3-9474-1A3956D46DE8}") = "app", "app", "{D31F8A7E-2CA5-4F53-8914-BEE2EF0F6EC1}"
EndProject
Project("{9A19103F-16F7-4668-BE54-9A1E7A4F7556}") = "LogService", "app\LogService\LogService.csproj", "{23FB3E79-A213-48EC-8AD8-84E74CC3467A}"
EndProject
Project("{9A19103F-16F7-4668-BE54-9A1E7A4F7556}") = "LiveStreamServer", "app\LiveStreamServer\LiveStreamServer.csproj", "{D450C819-24E5-46AD-B1FC-9F044F01AECE}"
EndProject
Project("{9A19103F-16F7-4668-BE54-9A1E7A4F7556}") = "ams.Abstractions", "lib\Abstractions\ams.Abstractions.csproj", "{02A4827A-70EF-4513-8F75-C5A275B08CEC}"
EndProject
Project("{9A19103F-16F7-4668-BE54-9A1E7A4F7556}") = "ams", "app\ams\ams.csproj", "{2EC200E9-46FF-40B0-9006-853F5A16E237}"
EndProject
Project("{9A19103F-16F7-4668-BE54-9A1E7A4F7556}") = "ams.DataModels", "lib\DataModel\ams.DataModels.csproj", "{B08EB5E3-A606-444F-98DB-EF50F29B8281}"
EndProject
Project("{9A19103F-16F7-4668-BE54-9A1E7A4F7556}") = "ams_api", "app\ams_api\ams_api.csproj", "{FA67FD8D-3A6C-47C3-8EA9-5C8BBA6981A2}"
EndProject
Project("{9A19103F-16F7-4668-BE54-9A1E7A4F7556}") = "Tools", "lib\Tools\Tools.csproj", "{EBD491E4-F9E9-478F-BA33-60E6C96891C4}"
EndProject
Project("{9A19103F-16F7-4668-BE54-9A1E7A4F7556}") = "ams_blazor.Server", "app\ams_blazor.Server\ams_blazor.Server.csproj", "{CF1012D7-DD5B-42B8-B895-299FD0B2AB13}"
EndProject
Project("{9A19103F-16F7-4668-BE54-9A1E7A4F7556}") = "ams_blazor.Client", "app\ams_blazor.Client\ams_blazor.Client.csproj", "{1DECB63A-0CD1-442A-B503-7F8B4D53D8D4}"
EndProject
Project("{9A19103F-16F7-4668-BE54-9A1E7A4F7556}") = "ams_blazor.Shared", "app\ams_blazor.Shared\ams_blazor.Shared.csproj", "{44F478E7-0BA0-4137-B2FF-598BD4147FBD}"
EndProject
Project("{9A19103F-16F7-4668-BE54-9A1E7A4F7556}") = "ams_blazor", "app\ams_blazor\ams_blazor.csproj", "{75E2BEAA-8664-4961-A29A-F8E0D129A691}"
EndProject
Project("{2150E333-8FDC-42A3-9474-1A3956D46DE8}") = "blazor", "blazor", "{99C4ECA4-E7AD-4382-9303-3579DAD0B75C}"
EndProject
Project("{9A19103F-16F7-4668-BE54-9A1E7A4F7556}") = "ams.Misc", "lib\Misc\ams.Misc.csproj", "{C1D746E7-6382-4500-ACE0-E5F5C9207FDA}"
EndProject
Project("{2150E333-8FDC-42A3-9474-1A3956D46DE8}") = ".aspnet", ".aspnet", "{950C236D-9FA3-484A-91AD-8B983F343C23}"
EndProject
Project("{9A19103F-16F7-4668-BE54-9A1E7A4F7556}") = "Microsoft.AspNetCore.Mvc", "lib.ext\AspNetCore\src\Mvc\Mvc\src\Microsoft.AspNetCore.Mvc.csproj", "{92D48361-B8C8-430A-8C7D-F7387FE35AC7}"
EndProject
Project("{9A19103F-16F7-4668-BE54-9A1E7A4F7556}") = "Microsoft.AspNetCore.Mvc.Abstractions", "lib.ext\AspNetCore\src\Mvc\Mvc.Abstractions\src\Microsoft.AspNetCore.Mvc.Abstractions.csproj", "{A3E884CD-8FBC-465D-89E4-95412DE824B0}"
EndProject
Project("{9A19103F-16F7-4668-BE54-9A1E7A4F7556}") = "Microsoft.AspNetCore.Mvc.Analyzers", "lib.ext\AspNetCore\src\Mvc\Mvc.Analyzers\src\Microsoft.AspNetCore.Mvc.Analyzers.csproj", "{3B7AF728-A9CF-4575-9E15-DF36EE902EDC}"
EndProject
Project("{9A19103F-16F7-4668-BE54-9A1E7A4F7556}") = "Microsoft.AspNetCore.Mvc.Api.Analyzers", "lib.ext\AspNetCore\src\Mvc\Mvc.Api.Analyzers\src\Microsoft.AspNetCore.Mvc.Api.Analyzers.csproj", "{0C6F4FD3-6CE9-4EA7-AD9A-A5A65FE4E2E2}"
EndProject
Project("{9A19103F-16F7-4668-BE54-9A1E7A4F7556}") = "Microsoft.AspNetCore.Mvc.ApiExplorer", "lib.ext\AspNetCore\src\Mvc\Mvc.ApiExplorer\src\Microsoft.AspNetCore.Mvc.ApiExplorer.csproj", "{7E3F98CD-E6A7-43B0-86B3-DDF405541C8E}"
EndProject
Project("{9A19103F-16F7-4668-BE54-9A1E7A4F7556}") = "Microsoft.AspNetCore.Mvc.Core", "lib.ext\AspNetCore\src\Mvc\Mvc.Core\src\Microsoft.AspNetCore.Mvc.Core.csproj", "{CA22CE37-820A-4514-A4ED-1ADAB739C6DB}"
EndProject
Project("{9A19103F-16F7-4668-BE54-9A1E7A4F7556}") = "Microsoft.AspNetCore.Mvc.Cors", "lib.ext\AspNetCore\src\Mvc\Mvc.Cors\src\Microsoft.AspNetCore.Mvc.Cors.csproj", "{7316C6E7-8A24-4376-B7B6-5167CFDA4410}"
EndProject
Project("{9A19103F-16F7-4668-BE54-9A1E7A4F7556}") = "Microsoft.AspNetCore.Mvc.DataAnnotations", "lib.ext\AspNetCore\src\Mvc\Mvc.DataAnnotations\src\Microsoft.AspNetCore.Mvc.DataAnnotations.csproj", "{EF2EF718-7349-4087-95AA-98FE99F27537}"
EndProject
Project("{9A19103F-16F7-4668-BE54-9A1E7A4F7556}") = "Microsoft.AspNetCore.Mvc.Formatters.Json", "lib.ext\AspNetCore\src\Mvc\Mvc.Formatters.Json\src\Microsoft.AspNetCore.Mvc.Formatters.Json.csproj", "{084B9CDC-A754-4741-A384-59BAD114344E}"
EndProject
Project("{9A19103F-16F7-4668-BE54-9A1E7A4F7556}") = "Microsoft.AspNetCore.Mvc.Formatters.Xml", "lib.ext\AspNetCore\src\Mvc\Mvc.Formatters.Xml\src\Microsoft.AspNetCore.Mvc.Formatters.Xml.csproj", "{09D196B5-6F40-417C-BE47-69F7D526F84A}"
EndProject
Project("{9A19103F-16F7-4668-BE54-9A1E7A4F7556}") = "Microsoft.AspNetCore.Mvc.Localization", "lib.ext\AspNetCore\src\Mvc\Mvc.Localization\src\Microsoft.AspNetCore.Mvc.Localization.csproj", "{633DAC47-20F4-4354-9765-ECF7001FB4B7}"
EndProject
Project("{9A19103F-16F7-4668-BE54-9A1E7A4F7556}") = "Microsoft.AspNetCore.Mvc.Razor", "lib.ext\AspNetCore\src\Mvc\Mvc.Razor\src\Microsoft.AspNetCore.Mvc.Razor.csproj", "{6708C658-F2E9-4255-9543-57952F3880EC}"
EndProject
Project("{9A19103F-16F7-4668-BE54-9A1E7A4F7556}") = "Microsoft.AspNetCore.Mvc.RazorPages", "lib.ext\AspNetCore\src\Mvc\Mvc.RazorPages\src\Microsoft.AspNetCore.Mvc.RazorPages.csproj", "{1F88CC76-3B2B-4C6B-86B8-A950F6BF24BD}"
EndProject
Project("{9A19103F-16F7-4668-BE54-9A1E7A4F7556}") = "Microsoft.AspNetCore.Mvc.TagHelpers", "lib.ext\AspNetCore\src\Mvc\Mvc.TagHelpers\src\Microsoft.AspNetCore.Mvc.TagHelpers.csproj", "{94D1115D-EFF6-400A-A2A4-A6E683D738BF}"
EndProject
Project("{9A19103F-16F7-4668-BE54-9A1E7A4F7556}") = "Microsoft.AspNetCore.Mvc.Testing", "lib.ext\AspNetCore\src\Mvc\Mvc.Testing\src\Microsoft.AspNetCore.Mvc.Testing.csproj", "{BF603170-A98C-4865-9C4A-3E89BCD6ACEE}"
EndProject
Project("{9A19103F-16F7-4668-BE54-9A1E7A4F7556}") = "Microsoft.AspNetCore.Mvc.ViewFeatures", "lib.ext\AspNetCore\src\Mvc\Mvc.ViewFeatures\src\Microsoft.AspNetCore.Mvc.ViewFeatures.csproj", "{6190669B-6CE2-4965-A38C-F150DC943CE9}"
EndProject
Project("{9A19103F-16F7-4668-BE54-9A1E7A4F7556}") = "Microsoft.AspNetCore.Mvc.WebApiCompatShim", "lib.ext\AspNetCore\src\Mvc\Mvc.WebApiCompatShim\src\Microsoft.AspNetCore.Mvc.WebApiCompatShim.csproj", "{2F7C5142-DF8D-425D-A6C4-F576AF26D7E0}"
EndProject
Project("{2150E333-8FDC-42A3-9474-1A3956D46DE8}") = "Mvc", "Mvc", "{21D31A49-B6A4-478D-AC34-A685D5B88279}"
EndProject
Project("{9A19103F-16F7-4668-BE54-9A1E7A4F7556}") = "Microsoft.AspNetCore.Authentication.Cookies", "lib.ext\AspNetCore\src\Security\Authentication\Cookies\src\Microsoft.AspNetCore.Authentication.Cookies.csproj", "{50C44883-63AA-411D-A6CE-D61169003C48}"
EndProject
Project("{9A19103F-16F7-4668-BE54-9A1E7A4F7556}") = "Microsoft.AspNetCore.HttpsPolicy", "lib.ext\AspNetCore\src\Middleware\HttpsPolicy\src\Microsoft.AspNetCore.HttpsPolicy.csproj", "{125863E2-A7A3-4D00-9260-87E248D58DE3}"
EndProject
Project("{9A19103F-16F7-4668-BE54-9A1E7A4F7556}") = "Microsoft.AspNetCore.Hosting.Abstractions", "lib.ext\AspNetCore\src\Hosting\Abstractions\src\Microsoft.AspNetCore.Hosting.Abstractions.csproj", "{4CF7D743-3362-4D5E-93BA-47ABE31ED9A5}"
EndProject
Project("{9A19103F-16F7-4668-BE54-9A1E7A4F7556}") = "Microsoft.AspNetCore.Http", "lib.ext\AspNetCore\src\Http\Http\src\Microsoft.AspNetCore.Http.csproj", "{A5EF07A5-E79F-4C6E-BC26-DB773D3D91C0}"
EndProject
Project("{9A19103F-16F7-4668-BE54-9A1E7A4F7556}") = "Microsoft.AspNetCore.Http.Extensions", "lib.ext\AspNetCore\src\Http\Http.Extensions\src\Microsoft.AspNetCore.Http.Extensions.csproj", "{03DF1745-41A9-4805-A856-DC14E8012A77}"
EndProject
Project("{9A19103F-16F7-4668-BE54-9A1E7A4F7556}") = "Microsoft.AspNetCore", "lib.ext\AspNetCore\src\DefaultBuilder\src\Microsoft.AspNetCore.csproj", "{3016451B-F54C-40DA-A39E-A6EC7986106F}"
EndProject
Project("{9A19103F-16F7-4668-BE54-9A1E7A4F7556}") = "Microsoft.AspNetCore.Diagnostics", "lib.ext\AspNetCore\src\Middleware\Diagnostics\src\Microsoft.AspNetCore.Diagnostics.csproj", "{22BEE9C2-3EA0-4AC7-9A15-454C5E169154}"
EndProject
Project("{2150E333-8FDC-42A3-9474-1A3956D46DE8}") = "AspNetCore", "AspNetCore", "{2AD96A19-E89D-4C5D-8103-C2457A243F1C}"
EndProject
Project("{9A19103F-16F7-4668-BE54-9A1E7A4F7556}") = "Microsoft.AspNetCore.HostFiltering", "lib.ext\AspNetCore\src\Middleware\HostFiltering\src\Microsoft.AspNetCore.HostFiltering.csproj", "{1153B3A3-91EA-448F-9BB1-7C76016D8AAF}"
EndProject
Project("{9A19103F-16F7-4668-BE54-9A1E7A4F7556}") = "Microsoft.AspNetCore.Hosting", "lib.ext\AspNetCore\src\Hosting\Hosting\src\Microsoft.AspNetCore.Hosting.csproj", "{ECC55384-B982-4A39-9420-B3A3E5FE7B5C}"
EndProject
Project("{9A19103F-16F7-4668-BE54-9A1E7A4F7556}") = "Microsoft.AspNetCore.Routing", "lib.ext\AspNetCore\src\Http\Routing\src\Microsoft.AspNetCore.Routing.csproj", "{7AB156EB-14FF-4B5F-B03E-A53F6125C24F}"
EndProject
Project("{9A19103F-16F7-4668-BE54-9A1E7A4F7556}") = "Microsoft.AspNetCore.Server.IISIntegration", "lib.ext\AspNetCore\src\Servers\IIS\IISIntegration\src\Microsoft.AspNetCore.Server.IISIntegration.csproj", "{0CB6456D-6DB6-4581-A634-AC5493F8E96C}"
EndProject
Project("{9A19103F-16F7-4668-BE54-9A1E7A4F7556}") = "Microsoft.AspNetCore.Routing.Abstractions", "lib.ext\AspNetCore\src\Http\Routing.Abstractions\src\Microsoft.AspNetCore.Routing.Abstractions.csproj", "{EA605C9F-B0C3-41B3-A93C-0C6BAC463A03}"
EndProject
Project("{9A19103F-16F7-4668-BE54-9A1E7A4F7556}") = "Microsoft.AspNetCore.Hosting.Server.Abstractions", "lib.ext\AspNetCore\src\Hosting\Server.Abstractions\src\Microsoft.AspNetCore.Hosting.Server.Abstractions.csproj", "{BA058AFA-CF43-4EE9-AB58-EE6211822A9B}"
EndProject
Project("{9A19103F-16F7-4668-BE54-9A1E7A4F7556}") = "Microsoft.AspNetCore.Http.Features", "lib.ext\AspNetCore\src\Http\Http.Features\src\Microsoft.AspNetCore.Http.Features.csproj", "{69BB736C-9365-4FFA-B76B-2E9623D67717}"
EndProject
Project("{9A19103F-16F7-4668-BE54-9A1E7A4F7556}") = "Microsoft.AspNetCore.Http.Abstractions", "lib.ext\AspNetCore\src\Http\Http.Abstractions\src\Microsoft.AspNetCore.Http.Abstractions.csproj", "{ABE5D65B-64C6-4858-B424-715A631627A1}"
EndProject
Project("{9A19103F-16F7-4668-BE54-9A1E7A4F7556}") = "Microsoft.AspNetCore.Authentication", "lib.ext\AspNetCore\src\Security\Authentication\Core\src\Microsoft.AspNetCore.Authentication.csproj", "{2441DAA3-34C4-4589-B3E4-C1A2EA56131B}"
EndProject
Project("{9A19103F-16F7-4668-BE54-9A1E7A4F7556}") = "Microsoft.AspNetCore.Authentication.Core", "lib.ext\AspNetCore\src\Http\Authentication.Core\src\Microsoft.AspNetCore.Authentication.Core.csproj", "{52345058-AB3B-4023-9839-9D9D2CD655CB}"
EndProject
Project("{9A19103F-16F7-4668-BE54-9A1E7A4F7556}") = "Microsoft.AspNetCore.DataProtection", "lib.ext\AspNetCore\src\DataProtection\DataProtection\src\Microsoft.AspNetCore.DataProtection.csproj", "{858E0335-7CF4-4761-B04D-B424DD5CCF39}"
EndProject
Project("{9A19103F-16F7-4668-BE54-9A1E7A4F7556}") = "Microsoft.AspNetCore.DataProtection.Abstractions", "lib.ext\AspNetCore\src\DataProtection\Abstractions\src\Microsoft.AspNetCore.DataProtection.Abstractions.csproj", "{2B851891-C4D7-400B-A030-4CFAC509B787}"
EndProject
Project("{9A19103F-16F7-4668-BE54-9A1E7A4F7556}") = "Microsoft.AspNetCore.Authentication.Abstractions", "lib.ext\AspNetCore\src\Http\Authentication.Abstractions\src\Microsoft.AspNetCore.Authentication.Abstractions.csproj", "{7FBDCAAA-DB06-4D64-BCF9-70BDD5DE2CF1}"
EndProject
Project("{9A19103F-16F7-4668-BE54-9A1E7A4F7556}") = "Microsoft.AspNetCore.HttpOverrides", "lib.ext\AspNetCore\src\Middleware\HttpOverrides\src\Microsoft.AspNetCore.HttpOverrides.csproj", "{D50C398F-2A05-417B-94A1-56098029CBF0}"
EndProject
Project("{9A19103F-16F7-4668-BE54-9A1E7A4F7556}") = "Microsoft.AspNetCore.Server.Kestrel", "lib.ext\AspNetCore\src\Servers\Kestrel\Kestrel\src\Microsoft.AspNetCore.Server.Kestrel.csproj", "{0973C719-4B70-4BA4-9D6C-EA504EFC1A1B}"
EndProject
Project("{9A19103F-16F7-4668-BE54-9A1E7A4F7556}") = "Microsoft.AspNetCore.Server.Kestrel.Core", "lib.ext\AspNetCore\src\Servers\Kestrel\Core\src\Microsoft.AspNetCore.Server.Kestrel.Core.csproj", "{C8692153-3C65-4C60-8D8B-D75C4BED18A9}"
EndProject
Project("{9A19103F-16F7-4668-BE54-9A1E7A4F7556}") = "Microsoft.AspNetCore.Server.Kestrel.Https", "lib.ext\AspNetCore\src\Servers\Kestrel\Https\src\Microsoft.AspNetCore.Server.Kestrel.Https.csproj", "{ACDE6A1B-FA98-48DF-A96F-DE403FA658C7}"
EndProject
Global
	GlobalSection(SolutionConfigurationPlatforms) = preSolution
		Debug|Any CPU = Debug|Any CPU
		Release|Any CPU = Release|Any CPU
	EndGlobalSection
	GlobalSection(ProjectConfigurationPlatforms) = postSolution
		{83A6AC77-4104-4EF9-8C6C-6A1A70FCBE14}.Debug|Any CPU.ActiveCfg = Debug|Any CPU
		{83A6AC77-4104-4EF9-8C6C-6A1A70FCBE14}.Debug|Any CPU.Build.0 = Debug|Any CPU
		{83A6AC77-4104-4EF9-8C6C-6A1A70FCBE14}.Release|Any CPU.ActiveCfg = Release|Any CPU
		{83A6AC77-4104-4EF9-8C6C-6A1A70FCBE14}.Release|Any CPU.Build.0 = Release|Any CPU
		{6857AA9C-3A7D-42FD-89E9-83A845CA4284}.Debug|Any CPU.ActiveCfg = Debug|Any CPU
		{6857AA9C-3A7D-42FD-89E9-83A845CA4284}.Debug|Any CPU.Build.0 = Debug|Any CPU
		{6857AA9C-3A7D-42FD-89E9-83A845CA4284}.Release|Any CPU.ActiveCfg = Release|Any CPU
		{6857AA9C-3A7D-42FD-89E9-83A845CA4284}.Release|Any CPU.Build.0 = Release|Any CPU
		{20B2904F-5F41-4B01-BFEA-E5F00BBF66E1}.Debug|Any CPU.ActiveCfg = Debug|Any CPU
		{20B2904F-5F41-4B01-BFEA-E5F00BBF66E1}.Debug|Any CPU.Build.0 = Debug|Any CPU
		{20B2904F-5F41-4B01-BFEA-E5F00BBF66E1}.Release|Any CPU.ActiveCfg = Release|Any CPU
		{20B2904F-5F41-4B01-BFEA-E5F00BBF66E1}.Release|Any CPU.Build.0 = Release|Any CPU
		{1A5948FA-7FC2-4594-9474-6C5E6475E076}.Debug|Any CPU.ActiveCfg = Debug|Any CPU
		{1A5948FA-7FC2-4594-9474-6C5E6475E076}.Debug|Any CPU.Build.0 = Debug|Any CPU
		{1A5948FA-7FC2-4594-9474-6C5E6475E076}.Release|Any CPU.ActiveCfg = Release|Any CPU
		{1A5948FA-7FC2-4594-9474-6C5E6475E076}.Release|Any CPU.Build.0 = Release|Any CPU
		{A4D3590A-2E7D-47C4-9BC7-5766B6DD5FBD}.Debug|Any CPU.ActiveCfg = Debug|Any CPU
		{A4D3590A-2E7D-47C4-9BC7-5766B6DD5FBD}.Debug|Any CPU.Build.0 = Debug|Any CPU
		{A4D3590A-2E7D-47C4-9BC7-5766B6DD5FBD}.Release|Any CPU.ActiveCfg = Release|Any CPU
		{A4D3590A-2E7D-47C4-9BC7-5766B6DD5FBD}.Release|Any CPU.Build.0 = Release|Any CPU
		{23FB3E79-A213-48EC-8AD8-84E74CC3467A}.Debug|Any CPU.ActiveCfg = Debug|Any CPU
		{23FB3E79-A213-48EC-8AD8-84E74CC3467A}.Debug|Any CPU.Build.0 = Debug|Any CPU
		{23FB3E79-A213-48EC-8AD8-84E74CC3467A}.Release|Any CPU.ActiveCfg = Release|Any CPU
		{23FB3E79-A213-48EC-8AD8-84E74CC3467A}.Release|Any CPU.Build.0 = Release|Any CPU
		{D450C819-24E5-46AD-B1FC-9F044F01AECE}.Debug|Any CPU.ActiveCfg = Debug|Any CPU
		{D450C819-24E5-46AD-B1FC-9F044F01AECE}.Debug|Any CPU.Build.0 = Debug|Any CPU
		{D450C819-24E5-46AD-B1FC-9F044F01AECE}.Release|Any CPU.ActiveCfg = Release|Any CPU
		{D450C819-24E5-46AD-B1FC-9F044F01AECE}.Release|Any CPU.Build.0 = Release|Any CPU
		{02A4827A-70EF-4513-8F75-C5A275B08CEC}.Debug|Any CPU.ActiveCfg = Debug|Any CPU
		{02A4827A-70EF-4513-8F75-C5A275B08CEC}.Debug|Any CPU.Build.0 = Debug|Any CPU
		{02A4827A-70EF-4513-8F75-C5A275B08CEC}.Release|Any CPU.ActiveCfg = Release|Any CPU
		{02A4827A-70EF-4513-8F75-C5A275B08CEC}.Release|Any CPU.Build.0 = Release|Any CPU
		{2EC200E9-46FF-40B0-9006-853F5A16E237}.Debug|Any CPU.ActiveCfg = Debug|Any CPU
		{2EC200E9-46FF-40B0-9006-853F5A16E237}.Debug|Any CPU.Build.0 = Debug|Any CPU
		{2EC200E9-46FF-40B0-9006-853F5A16E237}.Release|Any CPU.ActiveCfg = Release|Any CPU
		{2EC200E9-46FF-40B0-9006-853F5A16E237}.Release|Any CPU.Build.0 = Release|Any CPU
		{B08EB5E3-A606-444F-98DB-EF50F29B8281}.Debug|Any CPU.ActiveCfg = Debug|Any CPU
		{B08EB5E3-A606-444F-98DB-EF50F29B8281}.Debug|Any CPU.Build.0 = Debug|Any CPU
		{B08EB5E3-A606-444F-98DB-EF50F29B8281}.Release|Any CPU.ActiveCfg = Release|Any CPU
		{B08EB5E3-A606-444F-98DB-EF50F29B8281}.Release|Any CPU.Build.0 = Release|Any CPU
		{FA67FD8D-3A6C-47C3-8EA9-5C8BBA6981A2}.Debug|Any CPU.ActiveCfg = Debug|Any CPU
		{FA67FD8D-3A6C-47C3-8EA9-5C8BBA6981A2}.Debug|Any CPU.Build.0 = Debug|Any CPU
		{FA67FD8D-3A6C-47C3-8EA9-5C8BBA6981A2}.Release|Any CPU.ActiveCfg = Release|Any CPU
		{FA67FD8D-3A6C-47C3-8EA9-5C8BBA6981A2}.Release|Any CPU.Build.0 = Release|Any CPU
		{EBD491E4-F9E9-478F-BA33-60E6C96891C4}.Debug|Any CPU.ActiveCfg = Debug|Any CPU
		{EBD491E4-F9E9-478F-BA33-60E6C96891C4}.Debug|Any CPU.Build.0 = Debug|Any CPU
		{EBD491E4-F9E9-478F-BA33-60E6C96891C4}.Release|Any CPU.ActiveCfg = Release|Any CPU
		{EBD491E4-F9E9-478F-BA33-60E6C96891C4}.Release|Any CPU.Build.0 = Release|Any CPU
		{CF1012D7-DD5B-42B8-B895-299FD0B2AB13}.Debug|Any CPU.ActiveCfg = Debug|Any CPU
		{CF1012D7-DD5B-42B8-B895-299FD0B2AB13}.Debug|Any CPU.Build.0 = Debug|Any CPU
		{CF1012D7-DD5B-42B8-B895-299FD0B2AB13}.Release|Any CPU.ActiveCfg = Release|Any CPU
		{CF1012D7-DD5B-42B8-B895-299FD0B2AB13}.Release|Any CPU.Build.0 = Release|Any CPU
		{1DECB63A-0CD1-442A-B503-7F8B4D53D8D4}.Debug|Any CPU.ActiveCfg = Debug|Any CPU
		{1DECB63A-0CD1-442A-B503-7F8B4D53D8D4}.Debug|Any CPU.Build.0 = Debug|Any CPU
		{1DECB63A-0CD1-442A-B503-7F8B4D53D8D4}.Release|Any CPU.ActiveCfg = Release|Any CPU
		{1DECB63A-0CD1-442A-B503-7F8B4D53D8D4}.Release|Any CPU.Build.0 = Release|Any CPU
		{44F478E7-0BA0-4137-B2FF-598BD4147FBD}.Debug|Any CPU.ActiveCfg = Debug|Any CPU
		{44F478E7-0BA0-4137-B2FF-598BD4147FBD}.Debug|Any CPU.Build.0 = Debug|Any CPU
		{44F478E7-0BA0-4137-B2FF-598BD4147FBD}.Release|Any CPU.ActiveCfg = Release|Any CPU
		{44F478E7-0BA0-4137-B2FF-598BD4147FBD}.Release|Any CPU.Build.0 = Release|Any CPU
		{75E2BEAA-8664-4961-A29A-F8E0D129A691}.Debug|Any CPU.ActiveCfg = Debug|Any CPU
		{75E2BEAA-8664-4961-A29A-F8E0D129A691}.Debug|Any CPU.Build.0 = Debug|Any CPU
		{75E2BEAA-8664-4961-A29A-F8E0D129A691}.Release|Any CPU.ActiveCfg = Release|Any CPU
		{75E2BEAA-8664-4961-A29A-F8E0D129A691}.Release|Any CPU.Build.0 = Release|Any CPU
		{C1D746E7-6382-4500-ACE0-E5F5C9207FDA}.Debug|Any CPU.ActiveCfg = Debug|Any CPU
		{C1D746E7-6382-4500-ACE0-E5F5C9207FDA}.Debug|Any CPU.Build.0 = Debug|Any CPU
		{C1D746E7-6382-4500-ACE0-E5F5C9207FDA}.Release|Any CPU.ActiveCfg = Release|Any CPU
		{C1D746E7-6382-4500-ACE0-E5F5C9207FDA}.Release|Any CPU.Build.0 = Release|Any CPU
		{92D48361-B8C8-430A-8C7D-F7387FE35AC7}.Debug|Any CPU.ActiveCfg = Debug|Any CPU
		{92D48361-B8C8-430A-8C7D-F7387FE35AC7}.Debug|Any CPU.Build.0 = Debug|Any CPU
		{92D48361-B8C8-430A-8C7D-F7387FE35AC7}.Release|Any CPU.ActiveCfg = Release|Any CPU
		{92D48361-B8C8-430A-8C7D-F7387FE35AC7}.Release|Any CPU.Build.0 = Release|Any CPU
		{A3E884CD-8FBC-465D-89E4-95412DE824B0}.Debug|Any CPU.ActiveCfg = Debug|Any CPU
		{A3E884CD-8FBC-465D-89E4-95412DE824B0}.Debug|Any CPU.Build.0 = Debug|Any CPU
		{A3E884CD-8FBC-465D-89E4-95412DE824B0}.Release|Any CPU.ActiveCfg = Release|Any CPU
		{A3E884CD-8FBC-465D-89E4-95412DE824B0}.Release|Any CPU.Build.0 = Release|Any CPU
		{3B7AF728-A9CF-4575-9E15-DF36EE902EDC}.Debug|Any CPU.ActiveCfg = Debug|Any CPU
		{3B7AF728-A9CF-4575-9E15-DF36EE902EDC}.Debug|Any CPU.Build.0 = Debug|Any CPU
		{3B7AF728-A9CF-4575-9E15-DF36EE902EDC}.Release|Any CPU.ActiveCfg = Release|Any CPU
		{3B7AF728-A9CF-4575-9E15-DF36EE902EDC}.Release|Any CPU.Build.0 = Release|Any CPU
		{0C6F4FD3-6CE9-4EA7-AD9A-A5A65FE4E2E2}.Debug|Any CPU.ActiveCfg = Debug|Any CPU
		{0C6F4FD3-6CE9-4EA7-AD9A-A5A65FE4E2E2}.Debug|Any CPU.Build.0 = Debug|Any CPU
		{0C6F4FD3-6CE9-4EA7-AD9A-A5A65FE4E2E2}.Release|Any CPU.ActiveCfg = Release|Any CPU
		{0C6F4FD3-6CE9-4EA7-AD9A-A5A65FE4E2E2}.Release|Any CPU.Build.0 = Release|Any CPU
		{7E3F98CD-E6A7-43B0-86B3-DDF405541C8E}.Debug|Any CPU.ActiveCfg = Debug|Any CPU
		{7E3F98CD-E6A7-43B0-86B3-DDF405541C8E}.Debug|Any CPU.Build.0 = Debug|Any CPU
		{7E3F98CD-E6A7-43B0-86B3-DDF405541C8E}.Release|Any CPU.ActiveCfg = Release|Any CPU
		{7E3F98CD-E6A7-43B0-86B3-DDF405541C8E}.Release|Any CPU.Build.0 = Release|Any CPU
		{CA22CE37-820A-4514-A4ED-1ADAB739C6DB}.Debug|Any CPU.ActiveCfg = Debug|Any CPU
		{CA22CE37-820A-4514-A4ED-1ADAB739C6DB}.Debug|Any CPU.Build.0 = Debug|Any CPU
		{CA22CE37-820A-4514-A4ED-1ADAB739C6DB}.Release|Any CPU.ActiveCfg = Release|Any CPU
		{CA22CE37-820A-4514-A4ED-1ADAB739C6DB}.Release|Any CPU.Build.0 = Release|Any CPU
		{7316C6E7-8A24-4376-B7B6-5167CFDA4410}.Debug|Any CPU.ActiveCfg = Debug|Any CPU
		{7316C6E7-8A24-4376-B7B6-5167CFDA4410}.Debug|Any CPU.Build.0 = Debug|Any CPU
		{7316C6E7-8A24-4376-B7B6-5167CFDA4410}.Release|Any CPU.ActiveCfg = Release|Any CPU
		{7316C6E7-8A24-4376-B7B6-5167CFDA4410}.Release|Any CPU.Build.0 = Release|Any CPU
		{EF2EF718-7349-4087-95AA-98FE99F27537}.Debug|Any CPU.ActiveCfg = Debug|Any CPU
		{EF2EF718-7349-4087-95AA-98FE99F27537}.Debug|Any CPU.Build.0 = Debug|Any CPU
		{EF2EF718-7349-4087-95AA-98FE99F27537}.Release|Any CPU.ActiveCfg = Release|Any CPU
		{EF2EF718-7349-4087-95AA-98FE99F27537}.Release|Any CPU.Build.0 = Release|Any CPU
		{084B9CDC-A754-4741-A384-59BAD114344E}.Debug|Any CPU.ActiveCfg = Debug|Any CPU
		{084B9CDC-A754-4741-A384-59BAD114344E}.Debug|Any CPU.Build.0 = Debug|Any CPU
		{084B9CDC-A754-4741-A384-59BAD114344E}.Release|Any CPU.ActiveCfg = Release|Any CPU
		{084B9CDC-A754-4741-A384-59BAD114344E}.Release|Any CPU.Build.0 = Release|Any CPU
		{09D196B5-6F40-417C-BE47-69F7D526F84A}.Debug|Any CPU.ActiveCfg = Debug|Any CPU
		{09D196B5-6F40-417C-BE47-69F7D526F84A}.Debug|Any CPU.Build.0 = Debug|Any CPU
		{09D196B5-6F40-417C-BE47-69F7D526F84A}.Release|Any CPU.ActiveCfg = Release|Any CPU
		{09D196B5-6F40-417C-BE47-69F7D526F84A}.Release|Any CPU.Build.0 = Release|Any CPU
		{633DAC47-20F4-4354-9765-ECF7001FB4B7}.Debug|Any CPU.ActiveCfg = Debug|Any CPU
		{633DAC47-20F4-4354-9765-ECF7001FB4B7}.Debug|Any CPU.Build.0 = Debug|Any CPU
		{633DAC47-20F4-4354-9765-ECF7001FB4B7}.Release|Any CPU.ActiveCfg = Release|Any CPU
		{633DAC47-20F4-4354-9765-ECF7001FB4B7}.Release|Any CPU.Build.0 = Release|Any CPU
		{6708C658-F2E9-4255-9543-57952F3880EC}.Debug|Any CPU.ActiveCfg = Debug|Any CPU
		{6708C658-F2E9-4255-9543-57952F3880EC}.Debug|Any CPU.Build.0 = Debug|Any CPU
		{6708C658-F2E9-4255-9543-57952F3880EC}.Release|Any CPU.ActiveCfg = Release|Any CPU
		{6708C658-F2E9-4255-9543-57952F3880EC}.Release|Any CPU.Build.0 = Release|Any CPU
		{1F88CC76-3B2B-4C6B-86B8-A950F6BF24BD}.Debug|Any CPU.ActiveCfg = Debug|Any CPU
		{1F88CC76-3B2B-4C6B-86B8-A950F6BF24BD}.Debug|Any CPU.Build.0 = Debug|Any CPU
		{1F88CC76-3B2B-4C6B-86B8-A950F6BF24BD}.Release|Any CPU.ActiveCfg = Release|Any CPU
		{1F88CC76-3B2B-4C6B-86B8-A950F6BF24BD}.Release|Any CPU.Build.0 = Release|Any CPU
		{94D1115D-EFF6-400A-A2A4-A6E683D738BF}.Debug|Any CPU.ActiveCfg = Debug|Any CPU
		{94D1115D-EFF6-400A-A2A4-A6E683D738BF}.Debug|Any CPU.Build.0 = Debug|Any CPU
		{94D1115D-EFF6-400A-A2A4-A6E683D738BF}.Release|Any CPU.ActiveCfg = Release|Any CPU
		{94D1115D-EFF6-400A-A2A4-A6E683D738BF}.Release|Any CPU.Build.0 = Release|Any CPU
		{BF603170-A98C-4865-9C4A-3E89BCD6ACEE}.Debug|Any CPU.ActiveCfg = Debug|Any CPU
		{BF603170-A98C-4865-9C4A-3E89BCD6ACEE}.Debug|Any CPU.Build.0 = Debug|Any CPU
		{BF603170-A98C-4865-9C4A-3E89BCD6ACEE}.Release|Any CPU.ActiveCfg = Release|Any CPU
		{BF603170-A98C-4865-9C4A-3E89BCD6ACEE}.Release|Any CPU.Build.0 = Release|Any CPU
		{6190669B-6CE2-4965-A38C-F150DC943CE9}.Debug|Any CPU.ActiveCfg = Debug|Any CPU
		{6190669B-6CE2-4965-A38C-F150DC943CE9}.Debug|Any CPU.Build.0 = Debug|Any CPU
		{6190669B-6CE2-4965-A38C-F150DC943CE9}.Release|Any CPU.ActiveCfg = Release|Any CPU
		{6190669B-6CE2-4965-A38C-F150DC943CE9}.Release|Any CPU.Build.0 = Release|Any CPU
		{2F7C5142-DF8D-425D-A6C4-F576AF26D7E0}.Debug|Any CPU.ActiveCfg = Debug|Any CPU
		{2F7C5142-DF8D-425D-A6C4-F576AF26D7E0}.Debug|Any CPU.Build.0 = Debug|Any CPU
		{2F7C5142-DF8D-425D-A6C4-F576AF26D7E0}.Release|Any CPU.ActiveCfg = Release|Any CPU
		{2F7C5142-DF8D-425D-A6C4-F576AF26D7E0}.Release|Any CPU.Build.0 = Release|Any CPU
		{50C44883-63AA-411D-A6CE-D61169003C48}.Debug|Any CPU.ActiveCfg = Debug|Any CPU
		{50C44883-63AA-411D-A6CE-D61169003C48}.Debug|Any CPU.Build.0 = Debug|Any CPU
		{50C44883-63AA-411D-A6CE-D61169003C48}.Release|Any CPU.ActiveCfg = Release|Any CPU
		{50C44883-63AA-411D-A6CE-D61169003C48}.Release|Any CPU.Build.0 = Release|Any CPU
		{125863E2-A7A3-4D00-9260-87E248D58DE3}.Debug|Any CPU.ActiveCfg = Debug|Any CPU
		{125863E2-A7A3-4D00-9260-87E248D58DE3}.Debug|Any CPU.Build.0 = Debug|Any CPU
		{125863E2-A7A3-4D00-9260-87E248D58DE3}.Release|Any CPU.ActiveCfg = Release|Any CPU
		{125863E2-A7A3-4D00-9260-87E248D58DE3}.Release|Any CPU.Build.0 = Release|Any CPU
		{4CF7D743-3362-4D5E-93BA-47ABE31ED9A5}.Debug|Any CPU.ActiveCfg = Debug|Any CPU
		{4CF7D743-3362-4D5E-93BA-47ABE31ED9A5}.Debug|Any CPU.Build.0 = Debug|Any CPU
		{4CF7D743-3362-4D5E-93BA-47ABE31ED9A5}.Release|Any CPU.ActiveCfg = Release|Any CPU
		{4CF7D743-3362-4D5E-93BA-47ABE31ED9A5}.Release|Any CPU.Build.0 = Release|Any CPU
		{A5EF07A5-E79F-4C6E-BC26-DB773D3D91C0}.Debug|Any CPU.ActiveCfg = Debug|Any CPU
		{A5EF07A5-E79F-4C6E-BC26-DB773D3D91C0}.Debug|Any CPU.Build.0 = Debug|Any CPU
		{A5EF07A5-E79F-4C6E-BC26-DB773D3D91C0}.Release|Any CPU.ActiveCfg = Release|Any CPU
		{A5EF07A5-E79F-4C6E-BC26-DB773D3D91C0}.Release|Any CPU.Build.0 = Release|Any CPU
		{03DF1745-41A9-4805-A856-DC14E8012A77}.Debug|Any CPU.ActiveCfg = Debug|Any CPU
		{03DF1745-41A9-4805-A856-DC14E8012A77}.Debug|Any CPU.Build.0 = Debug|Any CPU
		{03DF1745-41A9-4805-A856-DC14E8012A77}.Release|Any CPU.ActiveCfg = Release|Any CPU
		{03DF1745-41A9-4805-A856-DC14E8012A77}.Release|Any CPU.Build.0 = Release|Any CPU
		{3016451B-F54C-40DA-A39E-A6EC7986106F}.Debug|Any CPU.ActiveCfg = Debug|Any CPU
		{3016451B-F54C-40DA-A39E-A6EC7986106F}.Debug|Any CPU.Build.0 = Debug|Any CPU
		{3016451B-F54C-40DA-A39E-A6EC7986106F}.Release|Any CPU.ActiveCfg = Release|Any CPU
		{3016451B-F54C-40DA-A39E-A6EC7986106F}.Release|Any CPU.Build.0 = Release|Any CPU
		{22BEE9C2-3EA0-4AC7-9A15-454C5E169154}.Debug|Any CPU.ActiveCfg = Debug|Any CPU
		{22BEE9C2-3EA0-4AC7-9A15-454C5E169154}.Debug|Any CPU.Build.0 = Debug|Any CPU
		{22BEE9C2-3EA0-4AC7-9A15-454C5E169154}.Release|Any CPU.ActiveCfg = Release|Any CPU
		{22BEE9C2-3EA0-4AC7-9A15-454C5E169154}.Release|Any CPU.Build.0 = Release|Any CPU
		{1153B3A3-91EA-448F-9BB1-7C76016D8AAF}.Debug|Any CPU.ActiveCfg = Debug|Any CPU
		{1153B3A3-91EA-448F-9BB1-7C76016D8AAF}.Debug|Any CPU.Build.0 = Debug|Any CPU
		{1153B3A3-91EA-448F-9BB1-7C76016D8AAF}.Release|Any CPU.ActiveCfg = Release|Any CPU
		{1153B3A3-91EA-448F-9BB1-7C76016D8AAF}.Release|Any CPU.Build.0 = Release|Any CPU
		{ECC55384-B982-4A39-9420-B3A3E5FE7B5C}.Debug|Any CPU.ActiveCfg = Debug|Any CPU
		{ECC55384-B982-4A39-9420-B3A3E5FE7B5C}.Debug|Any CPU.Build.0 = Debug|Any CPU
		{ECC55384-B982-4A39-9420-B3A3E5FE7B5C}.Release|Any CPU.ActiveCfg = Release|Any CPU
		{ECC55384-B982-4A39-9420-B3A3E5FE7B5C}.Release|Any CPU.Build.0 = Release|Any CPU
		{7AB156EB-14FF-4B5F-B03E-A53F6125C24F}.Debug|Any CPU.ActiveCfg = Debug|Any CPU
		{7AB156EB-14FF-4B5F-B03E-A53F6125C24F}.Debug|Any CPU.Build.0 = Debug|Any CPU
		{7AB156EB-14FF-4B5F-B03E-A53F6125C24F}.Release|Any CPU.ActiveCfg = Release|Any CPU
		{7AB156EB-14FF-4B5F-B03E-A53F6125C24F}.Release|Any CPU.Build.0 = Release|Any CPU
		{0CB6456D-6DB6-4581-A634-AC5493F8E96C}.Debug|Any CPU.ActiveCfg = Debug|Any CPU
		{0CB6456D-6DB6-4581-A634-AC5493F8E96C}.Debug|Any CPU.Build.0 = Debug|Any CPU
		{0CB6456D-6DB6-4581-A634-AC5493F8E96C}.Release|Any CPU.ActiveCfg = Release|Any CPU
		{0CB6456D-6DB6-4581-A634-AC5493F8E96C}.Release|Any CPU.Build.0 = Release|Any CPU
		{EA605C9F-B0C3-41B3-A93C-0C6BAC463A03}.Debug|Any CPU.ActiveCfg = Debug|Any CPU
		{EA605C9F-B0C3-41B3-A93C-0C6BAC463A03}.Debug|Any CPU.Build.0 = Debug|Any CPU
		{EA605C9F-B0C3-41B3-A93C-0C6BAC463A03}.Release|Any CPU.ActiveCfg = Release|Any CPU
		{EA605C9F-B0C3-41B3-A93C-0C6BAC463A03}.Release|Any CPU.Build.0 = Release|Any CPU
		{BA058AFA-CF43-4EE9-AB58-EE6211822A9B}.Debug|Any CPU.ActiveCfg = Debug|Any CPU
		{BA058AFA-CF43-4EE9-AB58-EE6211822A9B}.Debug|Any CPU.Build.0 = Debug|Any CPU
		{BA058AFA-CF43-4EE9-AB58-EE6211822A9B}.Release|Any CPU.ActiveCfg = Release|Any CPU
		{BA058AFA-CF43-4EE9-AB58-EE6211822A9B}.Release|Any CPU.Build.0 = Release|Any CPU
		{69BB736C-9365-4FFA-B76B-2E9623D67717}.Debug|Any CPU.ActiveCfg = Debug|Any CPU
		{69BB736C-9365-4FFA-B76B-2E9623D67717}.Debug|Any CPU.Build.0 = Debug|Any CPU
		{69BB736C-9365-4FFA-B76B-2E9623D67717}.Release|Any CPU.ActiveCfg = Release|Any CPU
		{69BB736C-9365-4FFA-B76B-2E9623D67717}.Release|Any CPU.Build.0 = Release|Any CPU
		{ABE5D65B-64C6-4858-B424-715A631627A1}.Debug|Any CPU.ActiveCfg = Debug|Any CPU
		{ABE5D65B-64C6-4858-B424-715A631627A1}.Debug|Any CPU.Build.0 = Debug|Any CPU
		{ABE5D65B-64C6-4858-B424-715A631627A1}.Release|Any CPU.ActiveCfg = Release|Any CPU
		{ABE5D65B-64C6-4858-B424-715A631627A1}.Release|Any CPU.Build.0 = Release|Any CPU
		{2441DAA3-34C4-4589-B3E4-C1A2EA56131B}.Debug|Any CPU.ActiveCfg = Debug|Any CPU
		{2441DAA3-34C4-4589-B3E4-C1A2EA56131B}.Debug|Any CPU.Build.0 = Debug|Any CPU
		{2441DAA3-34C4-4589-B3E4-C1A2EA56131B}.Release|Any CPU.ActiveCfg = Release|Any CPU
		{2441DAA3-34C4-4589-B3E4-C1A2EA56131B}.Release|Any CPU.Build.0 = Release|Any CPU
		{52345058-AB3B-4023-9839-9D9D2CD655CB}.Debug|Any CPU.ActiveCfg = Debug|Any CPU
		{52345058-AB3B-4023-9839-9D9D2CD655CB}.Debug|Any CPU.Build.0 = Debug|Any CPU
		{52345058-AB3B-4023-9839-9D9D2CD655CB}.Release|Any CPU.ActiveCfg = Release|Any CPU
		{52345058-AB3B-4023-9839-9D9D2CD655CB}.Release|Any CPU.Build.0 = Release|Any CPU
		{858E0335-7CF4-4761-B04D-B424DD5CCF39}.Debug|Any CPU.ActiveCfg = Debug|Any CPU
		{858E0335-7CF4-4761-B04D-B424DD5CCF39}.Debug|Any CPU.Build.0 = Debug|Any CPU
		{858E0335-7CF4-4761-B04D-B424DD5CCF39}.Release|Any CPU.ActiveCfg = Release|Any CPU
		{858E0335-7CF4-4761-B04D-B424DD5CCF39}.Release|Any CPU.Build.0 = Release|Any CPU
		{2B851891-C4D7-400B-A030-4CFAC509B787}.Debug|Any CPU.ActiveCfg = Debug|Any CPU
		{2B851891-C4D7-400B-A030-4CFAC509B787}.Debug|Any CPU.Build.0 = Debug|Any CPU
		{2B851891-C4D7-400B-A030-4CFAC509B787}.Release|Any CPU.ActiveCfg = Release|Any CPU
		{2B851891-C4D7-400B-A030-4CFAC509B787}.Release|Any CPU.Build.0 = Release|Any CPU
		{7FBDCAAA-DB06-4D64-BCF9-70BDD5DE2CF1}.Debug|Any CPU.ActiveCfg = Debug|Any CPU
		{7FBDCAAA-DB06-4D64-BCF9-70BDD5DE2CF1}.Debug|Any CPU.Build.0 = Debug|Any CPU
		{7FBDCAAA-DB06-4D64-BCF9-70BDD5DE2CF1}.Release|Any CPU.ActiveCfg = Release|Any CPU
		{7FBDCAAA-DB06-4D64-BCF9-70BDD5DE2CF1}.Release|Any CPU.Build.0 = Release|Any CPU
		{D50C398F-2A05-417B-94A1-56098029CBF0}.Debug|Any CPU.ActiveCfg = Debug|Any CPU
		{D50C398F-2A05-417B-94A1-56098029CBF0}.Debug|Any CPU.Build.0 = Debug|Any CPU
		{D50C398F-2A05-417B-94A1-56098029CBF0}.Release|Any CPU.ActiveCfg = Release|Any CPU
		{D50C398F-2A05-417B-94A1-56098029CBF0}.Release|Any CPU.Build.0 = Release|Any CPU
		{0973C719-4B70-4BA4-9D6C-EA504EFC1A1B}.Debug|Any CPU.ActiveCfg = Debug|Any CPU
		{0973C719-4B70-4BA4-9D6C-EA504EFC1A1B}.Debug|Any CPU.Build.0 = Debug|Any CPU
		{0973C719-4B70-4BA4-9D6C-EA504EFC1A1B}.Release|Any CPU.ActiveCfg = Release|Any CPU
		{0973C719-4B70-4BA4-9D6C-EA504EFC1A1B}.Release|Any CPU.Build.0 = Release|Any CPU
		{C8692153-3C65-4C60-8D8B-D75C4BED18A9}.Debug|Any CPU.ActiveCfg = Debug|Any CPU
		{C8692153-3C65-4C60-8D8B-D75C4BED18A9}.Debug|Any CPU.Build.0 = Debug|Any CPU
		{C8692153-3C65-4C60-8D8B-D75C4BED18A9}.Release|Any CPU.ActiveCfg = Release|Any CPU
		{C8692153-3C65-4C60-8D8B-D75C4BED18A9}.Release|Any CPU.Build.0 = Release|Any CPU
		{ACDE6A1B-FA98-48DF-A96F-DE403FA658C7}.Debug|Any CPU.ActiveCfg = Debug|Any CPU
		{ACDE6A1B-FA98-48DF-A96F-DE403FA658C7}.Debug|Any CPU.Build.0 = Debug|Any CPU
		{ACDE6A1B-FA98-48DF-A96F-DE403FA658C7}.Release|Any CPU.ActiveCfg = Release|Any CPU
		{ACDE6A1B-FA98-48DF-A96F-DE403FA658C7}.Release|Any CPU.Build.0 = Release|Any CPU
	EndGlobalSection
	GlobalSection(SolutionProperties) = preSolution
		HideSolutionNode = FALSE
	EndGlobalSection
	GlobalSection(NestedProjects) = preSolution
		{83A6AC77-4104-4EF9-8C6C-6A1A70FCBE14} = {F988683C-F7D7-455C-B40C-2D8EAF274263}
		{6857AA9C-3A7D-42FD-89E9-83A845CA4284} = {F988683C-F7D7-455C-B40C-2D8EAF274263}
		{20B2904F-5F41-4B01-BFEA-E5F00BBF66E1} = {F988683C-F7D7-455C-B40C-2D8EAF274263}
		{1A5948FA-7FC2-4594-9474-6C5E6475E076} = {F988683C-F7D7-455C-B40C-2D8EAF274263}
		{A4D3590A-2E7D-47C4-9BC7-5766B6DD5FBD} = {F988683C-F7D7-455C-B40C-2D8EAF274263}
		{23FB3E79-A213-48EC-8AD8-84E74CC3467A} = {D31F8A7E-2CA5-4F53-8914-BEE2EF0F6EC1}
		{D450C819-24E5-46AD-B1FC-9F044F01AECE} = {D31F8A7E-2CA5-4F53-8914-BEE2EF0F6EC1}
		{02A4827A-70EF-4513-8F75-C5A275B08CEC} = {F988683C-F7D7-455C-B40C-2D8EAF274263}
		{2EC200E9-46FF-40B0-9006-853F5A16E237} = {D31F8A7E-2CA5-4F53-8914-BEE2EF0F6EC1}
		{B08EB5E3-A606-444F-98DB-EF50F29B8281} = {F988683C-F7D7-455C-B40C-2D8EAF274263}
		{FA67FD8D-3A6C-47C3-8EA9-5C8BBA6981A2} = {D31F8A7E-2CA5-4F53-8914-BEE2EF0F6EC1}
		{EBD491E4-F9E9-478F-BA33-60E6C96891C4} = {F988683C-F7D7-455C-B40C-2D8EAF274263}
		{CF1012D7-DD5B-42B8-B895-299FD0B2AB13} = {99C4ECA4-E7AD-4382-9303-3579DAD0B75C}
		{1DECB63A-0CD1-442A-B503-7F8B4D53D8D4} = {99C4ECA4-E7AD-4382-9303-3579DAD0B75C}
		{44F478E7-0BA0-4137-B2FF-598BD4147FBD} = {99C4ECA4-E7AD-4382-9303-3579DAD0B75C}
		{75E2BEAA-8664-4961-A29A-F8E0D129A691} = {99C4ECA4-E7AD-4382-9303-3579DAD0B75C}
		{99C4ECA4-E7AD-4382-9303-3579DAD0B75C} = {D31F8A7E-2CA5-4F53-8914-BEE2EF0F6EC1}
		{C1D746E7-6382-4500-ACE0-E5F5C9207FDA} = {F988683C-F7D7-455C-B40C-2D8EAF274263}
		{92D48361-B8C8-430A-8C7D-F7387FE35AC7} = {21D31A49-B6A4-478D-AC34-A685D5B88279}
		{A3E884CD-8FBC-465D-89E4-95412DE824B0} = {21D31A49-B6A4-478D-AC34-A685D5B88279}
		{3B7AF728-A9CF-4575-9E15-DF36EE902EDC} = {21D31A49-B6A4-478D-AC34-A685D5B88279}
		{0C6F4FD3-6CE9-4EA7-AD9A-A5A65FE4E2E2} = {21D31A49-B6A4-478D-AC34-A685D5B88279}
		{7E3F98CD-E6A7-43B0-86B3-DDF405541C8E} = {21D31A49-B6A4-478D-AC34-A685D5B88279}
		{CA22CE37-820A-4514-A4ED-1ADAB739C6DB} = {21D31A49-B6A4-478D-AC34-A685D5B88279}
		{7316C6E7-8A24-4376-B7B6-5167CFDA4410} = {21D31A49-B6A4-478D-AC34-A685D5B88279}
		{EF2EF718-7349-4087-95AA-98FE99F27537} = {21D31A49-B6A4-478D-AC34-A685D5B88279}
		{084B9CDC-A754-4741-A384-59BAD114344E} = {21D31A49-B6A4-478D-AC34-A685D5B88279}
		{09D196B5-6F40-417C-BE47-69F7D526F84A} = {21D31A49-B6A4-478D-AC34-A685D5B88279}
		{633DAC47-20F4-4354-9765-ECF7001FB4B7} = {21D31A49-B6A4-478D-AC34-A685D5B88279}
		{6708C658-F2E9-4255-9543-57952F3880EC} = {21D31A49-B6A4-478D-AC34-A685D5B88279}
		{1F88CC76-3B2B-4C6B-86B8-A950F6BF24BD} = {21D31A49-B6A4-478D-AC34-A685D5B88279}
		{94D1115D-EFF6-400A-A2A4-A6E683D738BF} = {21D31A49-B6A4-478D-AC34-A685D5B88279}
		{BF603170-A98C-4865-9C4A-3E89BCD6ACEE} = {21D31A49-B6A4-478D-AC34-A685D5B88279}
		{6190669B-6CE2-4965-A38C-F150DC943CE9} = {21D31A49-B6A4-478D-AC34-A685D5B88279}
		{2F7C5142-DF8D-425D-A6C4-F576AF26D7E0} = {21D31A49-B6A4-478D-AC34-A685D5B88279}
		{21D31A49-B6A4-478D-AC34-A685D5B88279} = {950C236D-9FA3-484A-91AD-8B983F343C23}
		{50C44883-63AA-411D-A6CE-D61169003C48} = {2AD96A19-E89D-4C5D-8103-C2457A243F1C}
		{125863E2-A7A3-4D00-9260-87E248D58DE3} = {2AD96A19-E89D-4C5D-8103-C2457A243F1C}
		{4CF7D743-3362-4D5E-93BA-47ABE31ED9A5} = {2AD96A19-E89D-4C5D-8103-C2457A243F1C}
		{A5EF07A5-E79F-4C6E-BC26-DB773D3D91C0} = {2AD96A19-E89D-4C5D-8103-C2457A243F1C}
		{03DF1745-41A9-4805-A856-DC14E8012A77} = {2AD96A19-E89D-4C5D-8103-C2457A243F1C}
		{3016451B-F54C-40DA-A39E-A6EC7986106F} = {2AD96A19-E89D-4C5D-8103-C2457A243F1C}
		{22BEE9C2-3EA0-4AC7-9A15-454C5E169154} = {2AD96A19-E89D-4C5D-8103-C2457A243F1C}
		{2AD96A19-E89D-4C5D-8103-C2457A243F1C} = {950C236D-9FA3-484A-91AD-8B983F343C23}
		{1153B3A3-91EA-448F-9BB1-7C76016D8AAF} = {2AD96A19-E89D-4C5D-8103-C2457A243F1C}
		{ECC55384-B982-4A39-9420-B3A3E5FE7B5C} = {2AD96A19-E89D-4C5D-8103-C2457A243F1C}
		{7AB156EB-14FF-4B5F-B03E-A53F6125C24F} = {2AD96A19-E89D-4C5D-8103-C2457A243F1C}
		{0CB6456D-6DB6-4581-A634-AC5493F8E96C} = {2AD96A19-E89D-4C5D-8103-C2457A243F1C}
		{EA605C9F-B0C3-41B3-A93C-0C6BAC463A03} = {2AD96A19-E89D-4C5D-8103-C2457A243F1C}
		{BA058AFA-CF43-4EE9-AB58-EE6211822A9B} = {2AD96A19-E89D-4C5D-8103-C2457A243F1C}
		{69BB736C-9365-4FFA-B76B-2E9623D67717} = {2AD96A19-E89D-4C5D-8103-C2457A243F1C}
		{ABE5D65B-64C6-4858-B424-715A631627A1} = {2AD96A19-E89D-4C5D-8103-C2457A243F1C}
		{2441DAA3-34C4-4589-B3E4-C1A2EA56131B} = {2AD96A19-E89D-4C5D-8103-C2457A243F1C}
		{52345058-AB3B-4023-9839-9D9D2CD655CB} = {2AD96A19-E89D-4C5D-8103-C2457A243F1C}
		{858E0335-7CF4-4761-B04D-B424DD5CCF39} = {2AD96A19-E89D-4C5D-8103-C2457A243F1C}
		{2B851891-C4D7-400B-A030-4CFAC509B787} = {2AD96A19-E89D-4C5D-8103-C2457A243F1C}
		{7FBDCAAA-DB06-4D64-BCF9-70BDD5DE2CF1} = {2AD96A19-E89D-4C5D-8103-C2457A243F1C}
		{D50C398F-2A05-417B-94A1-56098029CBF0} = {2AD96A19-E89D-4C5D-8103-C2457A243F1C}
		{0973C719-4B70-4BA4-9D6C-EA504EFC1A1B} = {2AD96A19-E89D-4C5D-8103-C2457A243F1C}
		{C8692153-3C65-4C60-8D8B-D75C4BED18A9} = {2AD96A19-E89D-4C5D-8103-C2457A243F1C}
		{ACDE6A1B-FA98-48DF-A96F-DE403FA658C7} = {950C236D-9FA3-484A-91AD-8B983F343C23}
	EndGlobalSection
	GlobalSection(ExtensibilityGlobals) = postSolution
		SolutionGuid = {11B48416-3194-4CA4-83E5-3DB750E471C0}
	EndGlobalSection
EndGlobal
