
Microsoft Visual Studio Solution File, Format Version 12.00
# Visual Studio 14
VisualStudioVersion = 14.0.25420.1
MinimumVisualStudioVersion = 10.0.40219.1
Project("{00D1A9C2-B5F0-4AF3-8072-F6C62B433612}") = "ams_core", "db\ams_core\ams_core.sqlproj", "{8B823FBD-C051-49EB-B3B9-C74AECA78199}"
EndProject
Project("{00D1A9C2-B5F0-4AF3-8072-F6C62B433612}") = "ams_log", "db\ams_log\ams_log.sqlproj", "{029D9E5B-E752-4607-BE90-074EDA1E7E5E}"
EndProject
Project("{00D1A9C2-B5F0-4AF3-8072-F6C62B433612}") = "ams_user", "db\ams_user\ams_user.sqlproj", "{5CE622C4-7428-46F9-8F26-1D793D9E75A9}"
EndProject
Project("{00D1A9C2-B5F0-4AF3-8072-F6C62B433612}") = "Photo", "db\Photo\Photo.sqlproj", "{44443F68-C9C4-452D-9571-F03D35635FE9}"
EndProject
Project("{00D1A9C2-B5F0-4AF3-8072-F6C62B433612}") = "GeniusBullLog", "db\GeniusBullLog\GeniusBullLog.sqlproj", "{2D3F3B2F-7B35-43EA-A7E6-65D14DBF6068}"
EndProject
Project("{00D1A9C2-B5F0-4AF3-8072-F6C62B433612}") = "GameReplay", "db\GameReplay\GameReplay.sqlproj", "{E4BF6B12-8264-4458-A09E-48C276E3E7A3}"
EndProject
Project("{00D1A9C2-B5F0-4AF3-8072-F6C62B433612}") = "IG_TabletopGames", "db\IG_TabletopGames\IG_TabletopGames.sqlproj", "{11F6B26B-C736-40B8-A83C-1FB73151DF84}"
EndProject
Project("{00D1A9C2-B5F0-4AF3-8072-F6C62B433612}") = "IG_VideoArcade", "db\IG_VideoArcade\IG_VideoArcade.sqlproj", "{27551E28-A442-41C5-BF90-60411A3ECA4D}"
EndProject
Global
	GlobalSection(SolutionConfigurationPlatforms) = preSolution
		CodeAnalysis|Any CPU = CodeAnalysis|Any CPU
		Debug|Any CPU = Debug|Any CPU
		Release|Any CPU = Release|Any CPU
		Verify|Any CPU = Verify|Any CPU
	EndGlobalSection
	GlobalSection(ProjectConfigurationPlatforms) = postSolution
		{8B823FBD-C051-49EB-B3B9-C74AECA78199}.CodeAnalysis|Any CPU.ActiveCfg = Debug|Any CPU
		{8B823FBD-C051-49EB-B3B9-C74AECA78199}.CodeAnalysis|Any CPU.Build.0 = Debug|Any CPU
		{8B823FBD-C051-49EB-B3B9-C74AECA78199}.CodeAnalysis|Any CPU.Deploy.0 = Debug|Any CPU
		{8B823FBD-C051-49EB-B3B9-C74AECA78199}.Debug|Any CPU.ActiveCfg = Debug|Any CPU
		{8B823FBD-C051-49EB-B3B9-C74AECA78199}.Debug|Any CPU.Build.0 = Debug|Any CPU
		{8B823FBD-C051-49EB-B3B9-C74AECA78199}.Debug|Any CPU.Deploy.0 = Debug|Any CPU
		{8B823FBD-C051-49EB-B3B9-C74AECA78199}.Release|Any CPU.ActiveCfg = Release|Any CPU
		{8B823FBD-C051-49EB-B3B9-C74AECA78199}.Release|Any CPU.Build.0 = Release|Any CPU
		{8B823FBD-C051-49EB-B3B9-C74AECA78199}.Release|Any CPU.Deploy.0 = Release|Any CPU
		{8B823FBD-C051-49EB-B3B9-C74AECA78199}.Verify|Any CPU.ActiveCfg = Debug|Any CPU
		{8B823FBD-C051-49EB-B3B9-C74AECA78199}.Verify|Any CPU.Build.0 = Debug|Any CPU
		{8B823FBD-C051-49EB-B3B9-C74AECA78199}.Verify|Any CPU.Deploy.0 = Debug|Any CPU
		{029D9E5B-E752-4607-BE90-074EDA1E7E5E}.CodeAnalysis|Any CPU.ActiveCfg = Debug|Any CPU
		{029D9E5B-E752-4607-BE90-074EDA1E7E5E}.CodeAnalysis|Any CPU.Build.0 = Debug|Any CPU
		{029D9E5B-E752-4607-BE90-074EDA1E7E5E}.CodeAnalysis|Any CPU.Deploy.0 = Debug|Any CPU
		{029D9E5B-E752-4607-BE90-074EDA1E7E5E}.Debug|Any CPU.ActiveCfg = Debug|Any CPU
		{029D9E5B-E752-4607-BE90-074EDA1E7E5E}.Debug|Any CPU.Build.0 = Debug|Any CPU
		{029D9E5B-E752-4607-BE90-074EDA1E7E5E}.Debug|Any CPU.Deploy.0 = Debug|Any CPU
		{029D9E5B-E752-4607-BE90-074EDA1E7E5E}.Release|Any CPU.ActiveCfg = Release|Any CPU
		{029D9E5B-E752-4607-BE90-074EDA1E7E5E}.Release|Any CPU.Build.0 = Release|Any CPU
		{029D9E5B-E752-4607-BE90-074EDA1E7E5E}.Release|Any CPU.Deploy.0 = Release|Any CPU
		{029D9E5B-E752-4607-BE90-074EDA1E7E5E}.Verify|Any CPU.ActiveCfg = Debug|Any CPU
		{029D9E5B-E752-4607-BE90-074EDA1E7E5E}.Verify|Any CPU.Build.0 = Debug|Any CPU
		{029D9E5B-E752-4607-BE90-074EDA1E7E5E}.Verify|Any CPU.Deploy.0 = Debug|Any CPU
		{5CE622C4-7428-46F9-8F26-1D793D9E75A9}.CodeAnalysis|Any CPU.ActiveCfg = Debug|Any CPU
		{5CE622C4-7428-46F9-8F26-1D793D9E75A9}.CodeAnalysis|Any CPU.Build.0 = Debug|Any CPU
		{5CE622C4-7428-46F9-8F26-1D793D9E75A9}.CodeAnalysis|Any CPU.Deploy.0 = Debug|Any CPU
		{5CE622C4-7428-46F9-8F26-1D793D9E75A9}.Debug|Any CPU.ActiveCfg = Debug|Any CPU
		{5CE622C4-7428-46F9-8F26-1D793D9E75A9}.Debug|Any CPU.Build.0 = Debug|Any CPU
		{5CE622C4-7428-46F9-8F26-1D793D9E75A9}.Debug|Any CPU.Deploy.0 = Debug|Any CPU
		{5CE622C4-7428-46F9-8F26-1D793D9E75A9}.Release|Any CPU.ActiveCfg = Release|Any CPU
		{5CE622C4-7428-46F9-8F26-1D793D9E75A9}.Release|Any CPU.Build.0 = Release|Any CPU
		{5CE622C4-7428-46F9-8F26-1D793D9E75A9}.Release|Any CPU.Deploy.0 = Release|Any CPU
		{5CE622C4-7428-46F9-8F26-1D793D9E75A9}.Verify|Any CPU.ActiveCfg = Debug|Any CPU
		{5CE622C4-7428-46F9-8F26-1D793D9E75A9}.Verify|Any CPU.Build.0 = Debug|Any CPU
		{5CE622C4-7428-46F9-8F26-1D793D9E75A9}.Verify|Any CPU.Deploy.0 = Debug|Any CPU
		{44443F68-C9C4-452D-9571-F03D35635FE9}.CodeAnalysis|Any CPU.ActiveCfg = Debug|Any CPU
		{44443F68-C9C4-452D-9571-F03D35635FE9}.CodeAnalysis|Any CPU.Build.0 = Debug|Any CPU
		{44443F68-C9C4-452D-9571-F03D35635FE9}.CodeAnalysis|Any CPU.Deploy.0 = Debug|Any CPU
		{44443F68-C9C4-452D-9571-F03D35635FE9}.Debug|Any CPU.ActiveCfg = Debug|Any CPU
		{44443F68-C9C4-452D-9571-F03D35635FE9}.Debug|Any CPU.Build.0 = Debug|Any CPU
		{44443F68-C9C4-452D-9571-F03D35635FE9}.Debug|Any CPU.Deploy.0 = Debug|Any CPU
		{44443F68-C9C4-452D-9571-F03D35635FE9}.Release|Any CPU.ActiveCfg = Release|Any CPU
		{44443F68-C9C4-452D-9571-F03D35635FE9}.Release|Any CPU.Build.0 = Release|Any CPU
		{44443F68-C9C4-452D-9571-F03D35635FE9}.Release|Any CPU.Deploy.0 = Release|Any CPU
		{44443F68-C9C4-452D-9571-F03D35635FE9}.Verify|Any CPU.ActiveCfg = Debug|Any CPU
		{44443F68-C9C4-452D-9571-F03D35635FE9}.Verify|Any CPU.Build.0 = Debug|Any CPU
		{44443F68-C9C4-452D-9571-F03D35635FE9}.Verify|Any CPU.Deploy.0 = Debug|Any CPU
		{2D3F3B2F-7B35-43EA-A7E6-65D14DBF6068}.CodeAnalysis|Any CPU.ActiveCfg = Debug|Any CPU
		{2D3F3B2F-7B35-43EA-A7E6-65D14DBF6068}.CodeAnalysis|Any CPU.Build.0 = Debug|Any CPU
		{2D3F3B2F-7B35-43EA-A7E6-65D14DBF6068}.CodeAnalysis|Any CPU.Deploy.0 = Debug|Any CPU
		{2D3F3B2F-7B35-43EA-A7E6-65D14DBF6068}.Debug|Any CPU.ActiveCfg = Debug|Any CPU
		{2D3F3B2F-7B35-43EA-A7E6-65D14DBF6068}.Debug|Any CPU.Build.0 = Debug|Any CPU
		{2D3F3B2F-7B35-43EA-A7E6-65D14DBF6068}.Debug|Any CPU.Deploy.0 = Debug|Any CPU
		{2D3F3B2F-7B35-43EA-A7E6-65D14DBF6068}.Release|Any CPU.ActiveCfg = Release|Any CPU
		{2D3F3B2F-7B35-43EA-A7E6-65D14DBF6068}.Release|Any CPU.Build.0 = Release|Any CPU
		{2D3F3B2F-7B35-43EA-A7E6-65D14DBF6068}.Release|Any CPU.Deploy.0 = Release|Any CPU
		{2D3F3B2F-7B35-43EA-A7E6-65D14DBF6068}.Verify|Any CPU.ActiveCfg = Debug|Any CPU
		{2D3F3B2F-7B35-43EA-A7E6-65D14DBF6068}.Verify|Any CPU.Build.0 = Debug|Any CPU
		{2D3F3B2F-7B35-43EA-A7E6-65D14DBF6068}.Verify|Any CPU.Deploy.0 = Debug|Any CPU
		{E4BF6B12-8264-4458-A09E-48C276E3E7A3}.CodeAnalysis|Any CPU.ActiveCfg = Debug|Any CPU
		{E4BF6B12-8264-4458-A09E-48C276E3E7A3}.CodeAnalysis|Any CPU.Build.0 = Debug|Any CPU
		{E4BF6B12-8264-4458-A09E-48C276E3E7A3}.CodeAnalysis|Any CPU.Deploy.0 = Debug|Any CPU
		{E4BF6B12-8264-4458-A09E-48C276E3E7A3}.Debug|Any CPU.ActiveCfg = Debug|Any CPU
		{E4BF6B12-8264-4458-A09E-48C276E3E7A3}.Debug|Any CPU.Build.0 = Debug|Any CPU
		{E4BF6B12-8264-4458-A09E-48C276E3E7A3}.Debug|Any CPU.Deploy.0 = Debug|Any CPU
		{E4BF6B12-8264-4458-A09E-48C276E3E7A3}.Release|Any CPU.ActiveCfg = Release|Any CPU
		{E4BF6B12-8264-4458-A09E-48C276E3E7A3}.Release|Any CPU.Build.0 = Release|Any CPU
		{E4BF6B12-8264-4458-A09E-48C276E3E7A3}.Release|Any CPU.Deploy.0 = Release|Any CPU
		{E4BF6B12-8264-4458-A09E-48C276E3E7A3}.Verify|Any CPU.ActiveCfg = Debug|Any CPU
		{E4BF6B12-8264-4458-A09E-48C276E3E7A3}.Verify|Any CPU.Build.0 = Debug|Any CPU
		{E4BF6B12-8264-4458-A09E-48C276E3E7A3}.Verify|Any CPU.Deploy.0 = Debug|Any CPU
		{11F6B26B-C736-40B8-A83C-1FB73151DF84}.CodeAnalysis|Any CPU.ActiveCfg = Debug|Any CPU
		{11F6B26B-C736-40B8-A83C-1FB73151DF84}.CodeAnalysis|Any CPU.Build.0 = Debug|Any CPU
		{11F6B26B-C736-40B8-A83C-1FB73151DF84}.CodeAnalysis|Any CPU.Deploy.0 = Debug|Any CPU
		{11F6B26B-C736-40B8-A83C-1FB73151DF84}.Debug|Any CPU.ActiveCfg = Debug|Any CPU
		{11F6B26B-C736-40B8-A83C-1FB73151DF84}.Debug|Any CPU.Build.0 = Debug|Any CPU
		{11F6B26B-C736-40B8-A83C-1FB73151DF84}.Debug|Any CPU.Deploy.0 = Debug|Any CPU
		{11F6B26B-C736-40B8-A83C-1FB73151DF84}.Release|Any CPU.ActiveCfg = Release|Any CPU
		{11F6B26B-C736-40B8-A83C-1FB73151DF84}.Release|Any CPU.Build.0 = Release|Any CPU
		{11F6B26B-C736-40B8-A83C-1FB73151DF84}.Release|Any CPU.Deploy.0 = Release|Any CPU
		{11F6B26B-C736-40B8-A83C-1FB73151DF84}.Verify|Any CPU.ActiveCfg = Debug|Any CPU
		{11F6B26B-C736-40B8-A83C-1FB73151DF84}.Verify|Any CPU.Build.0 = Debug|Any CPU
		{11F6B26B-C736-40B8-A83C-1FB73151DF84}.Verify|Any CPU.Deploy.0 = Debug|Any CPU
		{27551E28-A442-41C5-BF90-60411A3ECA4D}.CodeAnalysis|Any CPU.ActiveCfg = Debug|Any CPU
		{27551E28-A442-41C5-BF90-60411A3ECA4D}.CodeAnalysis|Any CPU.Build.0 = Debug|Any CPU
		{27551E28-A442-41C5-BF90-60411A3ECA4D}.CodeAnalysis|Any CPU.Deploy.0 = Debug|Any CPU
		{27551E28-A442-41C5-BF90-60411A3ECA4D}.Debug|Any CPU.ActiveCfg = Debug|Any CPU
		{27551E28-A442-41C5-BF90-60411A3ECA4D}.Debug|Any CPU.Build.0 = Debug|Any CPU
		{27551E28-A442-41C5-BF90-60411A3ECA4D}.Debug|Any CPU.Deploy.0 = Debug|Any CPU
		{27551E28-A442-41C5-BF90-60411A3ECA4D}.Release|Any CPU.ActiveCfg = Release|Any CPU
		{27551E28-A442-41C5-BF90-60411A3ECA4D}.Release|Any CPU.Build.0 = Release|Any CPU
		{27551E28-A442-41C5-BF90-60411A3ECA4D}.Release|Any CPU.Deploy.0 = Release|Any CPU
		{27551E28-A442-41C5-BF90-60411A3ECA4D}.Verify|Any CPU.ActiveCfg = Debug|Any CPU
		{27551E28-A442-41C5-BF90-60411A3ECA4D}.Verify|Any CPU.Build.0 = Debug|Any CPU
		{27551E28-A442-41C5-BF90-60411A3ECA4D}.Verify|Any CPU.Deploy.0 = Debug|Any CPU
	EndGlobalSection
	GlobalSection(SolutionProperties) = preSolution
		HideSolutionNode = FALSE
	EndGlobalSection
EndGlobal
