
Microsoft Visual Studio Solution File, Format Version 12.00
# Visual Studio 14
VisualStudioVersion = 14.0.25420.1
MinimumVisualStudioVersion = 10.0.40219.1
Project("{FAE04EC0-301F-11D3-BF4B-00C04F79EFBC}") = "PhotoCapture", "web\PhotoCapture\PhotoCapture.csproj", "{0F1FBF09-8F89-4114-9731-F8581178F175}"
EndProject
Project("{FAE04EC0-301F-11D3-BF4B-00C04F79EFBC}") = "RecogService", "util\RecogService\RecogService.csproj", "{65965540-60F1-44B5-9B6E-17184D20B976}"
EndProject
Project("{FAE04EC0-301F-11D3-BF4B-00C04F79EFBC}") = "GeniusBullApi", "lib\GeniusBullApi\GeniusBullApi.csproj", "{61D13FBD-3CB2-4542-AB25-AAB7C30E013D}"
EndProject
Project("{FAE04EC0-301F-11D3-BF4B-00C04F79EFBC}") = "RecogServiceApi", "lib\RecogServiceApi\RecogServiceApi.csproj", "{F491F4BB-91B8-46E4-A3F7-13B5F4D3B77D}"
EndProject
Project("{FAE04EC0-301F-11D3-BF4B-00C04F79EFBC}") = "ams.core", "lib\ams.core\ams.core.csproj", "{F8BD8A7F-7ABD-402B-8F77-F2AD084DA7B7}"
EndProject
Project("{FAE04EC0-301F-11D3-BF4B-00C04F79EFBC}") = "corelib", "lib\corelib\corelib.csproj", "{8F5E46B1-FD54-40A8-88D9-37E722FEEEE6}"
EndProject
Project("{FAE04EC0-301F-11D3-BF4B-00C04F79EFBC}") = "ams_api_client", "lib\api_client\ams_api_client.csproj", "{C3DD615B-C0DA-4461-ADA2-73D89BC658B8}"
EndProject
Project("{FAE04EC0-301F-11D3-BF4B-00C04F79EFBC}") = "ams.platforms", "lib\ams.platforms\ams.platforms.csproj", "{CDADB758-1496-4E1C-A07D-00F7833616B3}"
EndProject
Global
	GlobalSection(SolutionConfigurationPlatforms) = preSolution
		CodeAnalysis|Any CPU = CodeAnalysis|Any CPU
		Debug|Any CPU = Debug|Any CPU
		Release|Any CPU = Release|Any CPU
		Verify|Any CPU = Verify|Any CPU
	EndGlobalSection
	GlobalSection(ProjectConfigurationPlatforms) = postSolution
		{0F1FBF09-8F89-4114-9731-F8581178F175}.CodeAnalysis|Any CPU.ActiveCfg = Release|Any CPU
		{0F1FBF09-8F89-4114-9731-F8581178F175}.CodeAnalysis|Any CPU.Build.0 = Release|Any CPU
		{0F1FBF09-8F89-4114-9731-F8581178F175}.Debug|Any CPU.ActiveCfg = Debug|Any CPU
		{0F1FBF09-8F89-4114-9731-F8581178F175}.Debug|Any CPU.Build.0 = Debug|Any CPU
		{0F1FBF09-8F89-4114-9731-F8581178F175}.Release|Any CPU.ActiveCfg = Release|Any CPU
		{0F1FBF09-8F89-4114-9731-F8581178F175}.Release|Any CPU.Build.0 = Release|Any CPU
		{0F1FBF09-8F89-4114-9731-F8581178F175}.Verify|Any CPU.ActiveCfg = Release|Any CPU
		{0F1FBF09-8F89-4114-9731-F8581178F175}.Verify|Any CPU.Build.0 = Release|Any CPU
		{65965540-60F1-44B5-9B6E-17184D20B976}.CodeAnalysis|Any CPU.ActiveCfg = Release|Any CPU
		{65965540-60F1-44B5-9B6E-17184D20B976}.CodeAnalysis|Any CPU.Build.0 = Release|Any CPU
		{65965540-60F1-44B5-9B6E-17184D20B976}.Debug|Any CPU.ActiveCfg = Debug|Any CPU
		{65965540-60F1-44B5-9B6E-17184D20B976}.Debug|Any CPU.Build.0 = Debug|Any CPU
		{65965540-60F1-44B5-9B6E-17184D20B976}.Release|Any CPU.ActiveCfg = Release|Any CPU
		{65965540-60F1-44B5-9B6E-17184D20B976}.Release|Any CPU.Build.0 = Release|Any CPU
		{65965540-60F1-44B5-9B6E-17184D20B976}.Verify|Any CPU.ActiveCfg = Release|Any CPU
		{65965540-60F1-44B5-9B6E-17184D20B976}.Verify|Any CPU.Build.0 = Release|Any CPU
		{61D13FBD-3CB2-4542-AB25-AAB7C30E013D}.CodeAnalysis|Any CPU.ActiveCfg = Release|Any CPU
		{61D13FBD-3CB2-4542-AB25-AAB7C30E013D}.CodeAnalysis|Any CPU.Build.0 = Release|Any CPU
		{61D13FBD-3CB2-4542-AB25-AAB7C30E013D}.Debug|Any CPU.ActiveCfg = Debug|Any CPU
		{61D13FBD-3CB2-4542-AB25-AAB7C30E013D}.Debug|Any CPU.Build.0 = Debug|Any CPU
		{61D13FBD-3CB2-4542-AB25-AAB7C30E013D}.Release|Any CPU.ActiveCfg = Release|Any CPU
		{61D13FBD-3CB2-4542-AB25-AAB7C30E013D}.Release|Any CPU.Build.0 = Release|Any CPU
		{61D13FBD-3CB2-4542-AB25-AAB7C30E013D}.Verify|Any CPU.ActiveCfg = Release|Any CPU
		{61D13FBD-3CB2-4542-AB25-AAB7C30E013D}.Verify|Any CPU.Build.0 = Release|Any CPU
		{F491F4BB-91B8-46E4-A3F7-13B5F4D3B77D}.CodeAnalysis|Any CPU.ActiveCfg = Release|Any CPU
		{F491F4BB-91B8-46E4-A3F7-13B5F4D3B77D}.CodeAnalysis|Any CPU.Build.0 = Release|Any CPU
		{F491F4BB-91B8-46E4-A3F7-13B5F4D3B77D}.Debug|Any CPU.ActiveCfg = Debug|Any CPU
		{F491F4BB-91B8-46E4-A3F7-13B5F4D3B77D}.Debug|Any CPU.Build.0 = Debug|Any CPU
		{F491F4BB-91B8-46E4-A3F7-13B5F4D3B77D}.Release|Any CPU.ActiveCfg = Release|Any CPU
		{F491F4BB-91B8-46E4-A3F7-13B5F4D3B77D}.Release|Any CPU.Build.0 = Release|Any CPU
		{F491F4BB-91B8-46E4-A3F7-13B5F4D3B77D}.Verify|Any CPU.ActiveCfg = Release|Any CPU
		{F491F4BB-91B8-46E4-A3F7-13B5F4D3B77D}.Verify|Any CPU.Build.0 = Release|Any CPU
		{F8BD8A7F-7ABD-402B-8F77-F2AD084DA7B7}.CodeAnalysis|Any CPU.ActiveCfg = Release|Any CPU
		{F8BD8A7F-7ABD-402B-8F77-F2AD084DA7B7}.CodeAnalysis|Any CPU.Build.0 = Release|Any CPU
		{F8BD8A7F-7ABD-402B-8F77-F2AD084DA7B7}.Debug|Any CPU.ActiveCfg = Debug|Any CPU
		{F8BD8A7F-7ABD-402B-8F77-F2AD084DA7B7}.Debug|Any CPU.Build.0 = Debug|Any CPU
		{F8BD8A7F-7ABD-402B-8F77-F2AD084DA7B7}.Release|Any CPU.ActiveCfg = Release|Any CPU
		{F8BD8A7F-7ABD-402B-8F77-F2AD084DA7B7}.Release|Any CPU.Build.0 = Release|Any CPU
		{F8BD8A7F-7ABD-402B-8F77-F2AD084DA7B7}.Verify|Any CPU.ActiveCfg = Release|Any CPU
		{F8BD8A7F-7ABD-402B-8F77-F2AD084DA7B7}.Verify|Any CPU.Build.0 = Release|Any CPU
		{8F5E46B1-FD54-40A8-88D9-37E722FEEEE6}.CodeAnalysis|Any CPU.ActiveCfg = Release|Any CPU
		{8F5E46B1-FD54-40A8-88D9-37E722FEEEE6}.CodeAnalysis|Any CPU.Build.0 = Release|Any CPU
		{8F5E46B1-FD54-40A8-88D9-37E722FEEEE6}.Debug|Any CPU.ActiveCfg = Debug|Any CPU
		{8F5E46B1-FD54-40A8-88D9-37E722FEEEE6}.Debug|Any CPU.Build.0 = Debug|Any CPU
		{8F5E46B1-FD54-40A8-88D9-37E722FEEEE6}.Release|Any CPU.ActiveCfg = Release|Any CPU
		{8F5E46B1-FD54-40A8-88D9-37E722FEEEE6}.Release|Any CPU.Build.0 = Release|Any CPU
		{8F5E46B1-FD54-40A8-88D9-37E722FEEEE6}.Verify|Any CPU.ActiveCfg = Release|Any CPU
		{8F5E46B1-FD54-40A8-88D9-37E722FEEEE6}.Verify|Any CPU.Build.0 = Release|Any CPU
		{C3DD615B-C0DA-4461-ADA2-73D89BC658B8}.CodeAnalysis|Any CPU.ActiveCfg = Release|Any CPU
		{C3DD615B-C0DA-4461-ADA2-73D89BC658B8}.CodeAnalysis|Any CPU.Build.0 = Release|Any CPU
		{C3DD615B-C0DA-4461-ADA2-73D89BC658B8}.Debug|Any CPU.ActiveCfg = Debug|Any CPU
		{C3DD615B-C0DA-4461-ADA2-73D89BC658B8}.Debug|Any CPU.Build.0 = Debug|Any CPU
		{C3DD615B-C0DA-4461-ADA2-73D89BC658B8}.Release|Any CPU.ActiveCfg = Release|Any CPU
		{C3DD615B-C0DA-4461-ADA2-73D89BC658B8}.Release|Any CPU.Build.0 = Release|Any CPU
		{C3DD615B-C0DA-4461-ADA2-73D89BC658B8}.Verify|Any CPU.ActiveCfg = Release|Any CPU
		{C3DD615B-C0DA-4461-ADA2-73D89BC658B8}.Verify|Any CPU.Build.0 = Release|Any CPU
		{CDADB758-1496-4E1C-A07D-00F7833616B3}.CodeAnalysis|Any CPU.ActiveCfg = Release|Any CPU
		{CDADB758-1496-4E1C-A07D-00F7833616B3}.CodeAnalysis|Any CPU.Build.0 = Release|Any CPU
		{CDADB758-1496-4E1C-A07D-00F7833616B3}.Debug|Any CPU.ActiveCfg = Debug|Any CPU
		{CDADB758-1496-4E1C-A07D-00F7833616B3}.Debug|Any CPU.Build.0 = Debug|Any CPU
		{CDADB758-1496-4E1C-A07D-00F7833616B3}.Release|Any CPU.ActiveCfg = Release|Any CPU
		{CDADB758-1496-4E1C-A07D-00F7833616B3}.Release|Any CPU.Build.0 = Release|Any CPU
		{CDADB758-1496-4E1C-A07D-00F7833616B3}.Verify|Any CPU.ActiveCfg = Release|Any CPU
		{CDADB758-1496-4E1C-A07D-00F7833616B3}.Verify|Any CPU.Build.0 = Release|Any CPU
	EndGlobalSection
	GlobalSection(SolutionProperties) = preSolution
		HideSolutionNode = FALSE
	EndGlobalSection
EndGlobal
