Microsoft Visual Studio Solution File, Format Version 12.00
# Visual Studio Version 16
VisualStudioVersion = 16.0.28803.352
MinimumVisualStudioVersion = 10.0.40219.1
Project("{00D1A9C2-B5F0-4AF3-8072-F6C62B433612}") = "ams_core", "ams_core\ams_core.sqlproj", "{99AF4A98-AED4-4A2C-BE16-A18BA52DA1A8}"
EndProject
Project("{00D1A9C2-B5F0-4AF3-8072-F6C62B433612}") = "ams_user", "ams_user\ams_user.sqlproj", "{7985AD6D-6911-4424-AE67-9A9A3712C628}"
EndProject
Project("{00D1A9C2-B5F0-4AF3-8072-F6C62B433612}") = "ams_log", "ams_log\ams_log.sqlproj", "{C8E4DC72-A70C-4185-B69D-FE8C169A9E7B}"
EndProject
Project("{00D1A9C2-B5F0-4AF3-8072-F6C62B433612}") = "EventLog", "EventLog\EventLog.sqlproj", "{AA88BABC-C086-4FAE-AAFF-13E8A8FCE6C0}"
EndProject
Global
	GlobalSection(SolutionConfigurationPlatforms) = preSolution
		Debug|Any CPU = Debug|Any CPU
		Release|Any CPU = Release|Any CPU
	EndGlobalSection
	GlobalSection(ProjectConfigurationPlatforms) = postSolution
		{99AF4A98-AED4-4A2C-BE16-A18BA52DA1A8}.Debug|Any CPU.ActiveCfg = Debug|Any CPU
		{99AF4A98-AED4-4A2C-BE16-A18BA52DA1A8}.Debug|Any CPU.Build.0 = Debug|Any CPU
		{99AF4A98-AED4-4A2C-BE16-A18BA52DA1A8}.Debug|Any CPU.Deploy.0 = Debug|Any CPU
		{99AF4A98-AED4-4A2C-BE16-A18BA52DA1A8}.Release|Any CPU.ActiveCfg = Release|Any CPU
		{99AF4A98-AED4-4A2C-BE16-A18BA52DA1A8}.Release|Any CPU.Build.0 = Release|Any CPU
		{99AF4A98-AED4-4A2C-BE16-A18BA52DA1A8}.Release|Any CPU.Deploy.0 = Release|Any CPU
		{7985AD6D-6911-4424-AE67-9A9A3712C628}.Debug|Any CPU.ActiveCfg = Debug|Any CPU
		{7985AD6D-6911-4424-AE67-9A9A3712C628}.Debug|Any CPU.Build.0 = Debug|Any CPU
		{7985AD6D-6911-4424-AE67-9A9A3712C628}.Debug|Any CPU.Deploy.0 = Debug|Any CPU
		{7985AD6D-6911-4424-AE67-9A9A3712C628}.Release|Any CPU.ActiveCfg = Release|Any CPU
		{7985AD6D-6911-4424-AE67-9A9A3712C628}.Release|Any CPU.Build.0 = Release|Any CPU
		{7985AD6D-6911-4424-AE67-9A9A3712C628}.Release|Any CPU.Deploy.0 = Release|Any CPU
		{C8E4DC72-A70C-4185-B69D-FE8C169A9E7B}.Debug|Any CPU.ActiveCfg = Debug|Any CPU
		{C8E4DC72-A70C-4185-B69D-FE8C169A9E7B}.Debug|Any CPU.Build.0 = Debug|Any CPU
		{C8E4DC72-A70C-4185-B69D-FE8C169A9E7B}.Debug|Any CPU.Deploy.0 = Debug|Any CPU
		{C8E4DC72-A70C-4185-B69D-FE8C169A9E7B}.Release|Any CPU.ActiveCfg = Release|Any CPU
		{C8E4DC72-A70C-4185-B69D-FE8C169A9E7B}.Release|Any CPU.Build.0 = Release|Any CPU
		{C8E4DC72-A70C-4185-B69D-FE8C169A9E7B}.Release|Any CPU.Deploy.0 = Release|Any CPU
		{AA88BABC-C086-4FAE-AAFF-13E8A8FCE6C0}.Debug|Any CPU.ActiveCfg = Debug|Any CPU
		{AA88BABC-C086-4FAE-AAFF-13E8A8FCE6C0}.Debug|Any CPU.Build.0 = Debug|Any CPU
		{AA88BABC-C086-4FAE-AAFF-13E8A8FCE6C0}.Debug|Any CPU.Deploy.0 = Debug|Any CPU
		{AA88BABC-C086-4FAE-AAFF-13E8A8FCE6C0}.Release|Any CPU.ActiveCfg = Release|Any CPU
		{AA88BABC-C086-4FAE-AAFF-13E8A8FCE6C0}.Release|Any CPU.Build.0 = Release|Any CPU
		{AA88BABC-C086-4FAE-AAFF-13E8A8FCE6C0}.Release|Any CPU.Deploy.0 = Release|Any CPU
	EndGlobalSection
	GlobalSection(SolutionProperties) = preSolution
		HideSolutionNode = FALSE
	EndGlobalSection
	GlobalSection(ExtensibilityGlobals) = postSolution
		SolutionGuid = {11B48416-3194-4CA4-83E5-3DB750E471C0}
	EndGlobalSection
EndGlobal
